{"format_version":"1.0","provider_schemas":{"registry.terraform.io/e-breuninger/netbox":{"provider":{"version":0,"block":{"attributes":{"allow_insecure_https":{"type":"bool","description":"Flag to set whether to allow https with invalid certificates. Can be set via the `NETBOX_ALLOW_INSECURE_HTTPS` environment variable. Defaults to `false`.","description_kind":"markdown","optional":true},"api_token":{"type":"string","description":"Netbox API authentication token. Can be set via the `NETBOX_API_TOKEN` environment variable.","description_kind":"markdown","required":true},"headers":{"type":["map","string"],"description":"Set these header on all requests to Netbox. Can be set via the `NETBOX_HEADERS` environment variable.","description_kind":"markdown","optional":true},"request_timeout":{"type":"number","description":"Netbox API HTTP request timeout in seconds. Can be set via the `NETBOX_REQUEST_TIMEOUT` environment variable.","description_kind":"markdown","optional":true},"server_url":{"type":"string","description":"Location of Netbox server including scheme (http or https) and optional port. Can be set via the `NETBOX_SERVER_URL` environment variable.","description_kind":"markdown","required":true},"skip_version_check":{"type":"bool","description":"If true, do not try to determine the running Netbox version at provider startup. Disables warnings about possibly unsupported Netbox version. Also useful for local testing on terraform plans. Can be set via the `NETBOX_SKIP_VERSION_CHECK` environment variable. Defaults to `false`.","description_kind":"markdown","optional":true},"strip_trailing_slashes_from_url":{"type":"bool","description":"If true, strip trailing slashes from the `server_url` parameter and print a warning when doing so. Note that using trailing slashes in the `server_url` parameter will usually lead to errors. Can be set via the `NETBOX_STRIP_TRAILING_SLASHES_FROM_URL` environment variable. Defaults to `true`.","description_kind":"markdown","optional":true}},"description_kind":"plain"}},"resource_schemas":{"netbox_aggregate":{"version":0,"block":{"attributes":{"description":{"type":"string","description_kind":"plain","optional":true},"id":{"type":"string","description_kind":"plain","optional":true,"computed":true},"prefix":{"type":"string","description_kind":"plain","required":true},"rir_id":{"type":"number","description_kind":"plain","optional":true},"tags":{"type":["set","string"],"description_kind":"plain","optional":true},"tenant_id":{"type":"number","description_kind":"plain","optional":true}},"description":":meta:subcategory:IP Address Management (IPAM):From the [official documentation](https://docs.netbox.dev/en/stable/features/ipam/#aggregates):\n\n\u003e NetBox allows us to specify the portions of IP space that are interesting to us by defining aggregates. Typically, an aggregate will correspond to either an allocation of public (globally routable) IP space granted by a regional authority, or a private (internally-routable) designation.","description_kind":"markdown"}},"netbox_asn":{"version":0,"block":{"attributes":{"asn":{"type":"number","description_kind":"plain","required":true},"id":{"type":"string","description_kind":"plain","optional":true,"computed":true},"rir_id":{"type":"number","description_kind":"plain","required":true},"tags":{"type":["set","string"],"description_kind":"plain","optional":true}},"description":":meta:subcategory:IP Address Management (IPAM):From the [official documentation](https://docs.netbox.dev/en/stable/features/ipam/#asn):\n\u003e ASN is short for Autonomous System Number. This identifier is used in the BGP protocol to identify which \"autonomous system\" a particular prefix is originating and transiting through.\n\u003e\n\u003e The AS number model within NetBox allows you to model some of this real-world relationship.","description_kind":"markdown"}},"netbox_available_ip_address":{"version":0,"block":{"attributes":{"description":{"type":"string","description_kind":"plain","optional":true},"device_interface_id":{"type":"number","description":"Conflicts with `interface_id` and `virtual_machine_interface_id`.","description_kind":"markdown","optional":true},"dns_name":{"type":"string","description_kind":"plain","optional":true},"id":{"type":"string","description_kind":"plain","optional":true,"computed":true},"interface_id":{"type":"number","description":"Required when `object_type` is set.","description_kind":"markdown","optional":true},"ip_address":{"type":"string","description_kind":"plain","computed":true},"ip_range_id":{"type":"number","description":"Exactly one of `prefix_id` or `ip_range_id` must be given.","description_kind":"markdown","optional":true},"object_type":{"type":"string","description":"Valid values are `virtualization.vminterface` and `dcim.interface`. Required when `interface_id` is set.","description_kind":"markdown","optional":true},"prefix_id":{"type":"number","description":"Exactly one of `prefix_id` or `ip_range_id` must be given.","description_kind":"markdown","optional":true},"role":{"type":"string","description":"Valid values are `loopback`, `secondary`, `anycast`, `vip`, `vrrp`, `hsrp`, `glbp` and `carp`.","description_kind":"markdown","optional":true},"status":{"type":"string","description":"Valid values are `active`, `reserved`, `deprecated`, `dhcp` and `slaac`. Defaults to `active`.","description_kind":"markdown","optional":true},"tags":{"type":["set","string"],"description_kind":"plain","optional":true},"tenant_id":{"type":"number","description_kind":"plain","optional":true},"virtual_machine_interface_id":{"type":"number","description":"Conflicts with `interface_id` and `device_interface_id`.","description_kind":"markdown","optional":true},"vrf_id":{"type":"number","description_kind":"plain","optional":true}},"description":":meta:subcategory:IP Address Management (IPAM):Per [the docs](https://netbox.readthedocs.io/en/stable/models/ipam/ipaddress/):\n\n\u003e An IP address comprises a single host address (either IPv4 or IPv6) and its subnet mask. Its mask should match exactly how the IP address is configured on an interface in the real world.\n\u003e Like a prefix, an IP address can optionally be assigned to a VRF (otherwise, it will appear in the \"global\" table). IP addresses are automatically arranged under parent prefixes within their respective VRFs according to the IP hierarchya.\n\u003e\n\u003e Each IP address can also be assigned an operational status and a functional role. Statuses are hard-coded in NetBox and include the following:\n\u003e * Active\n\u003e * Reserved\n\u003e * Deprecated\n\u003e * DHCP\n\u003e * SLAAC (IPv6 Stateless Address Autoconfiguration)\n\nThis resource will retrieve the next available IP address from a given prefix or IP range (specified by ID)","description_kind":"markdown"}},"netbox_available_prefix":{"version":0,"block":{"attributes":{"description":{"type":"string","description_kind":"plain","optional":true},"id":{"type":"string","description_kind":"plain","optional":true,"computed":true},"is_pool":{"type":"bool","description_kind":"plain","optional":true},"mark_utilized":{"type":"bool","description_kind":"plain","optional":true},"parent_prefix_id":{"type":"number","description_kind":"plain","required":true},"prefix":{"type":"string","description_kind":"plain","computed":true},"prefix_length":{"type":"number","description_kind":"plain","required":true},"role_id":{"type":"number","description_kind":"plain","optional":true},"site_id":{"type":"number","description_kind":"plain","optional":true},"status":{"type":"string","description":"Valid values are `active`, `container`, `reserved` and `deprecated`.","description_kind":"markdown","required":true},"tags":{"type":["set","string"],"description_kind":"plain","optional":true},"tenant_id":{"type":"number","description_kind":"plain","optional":true},"vlan_id":{"type":"number","description_kind":"plain","optional":true},"vrf_id":{"type":"number","description_kind":"plain","optional":true}},"description":":meta:subcategory:IP Address Management (IPAM):","description_kind":"markdown"}},"netbox_cable":{"version":0,"block":{"attributes":{"color_hex":{"type":"string","description_kind":"plain","optional":true},"comments":{"type":"string","description_kind":"plain","optional":true},"custom_fields":{"type":["map","string"],"description_kind":"plain","optional":true},"description":{"type":"string","description_kind":"plain","optional":true},"id":{"type":"string","description_kind":"plain","optional":true,"computed":true},"label":{"type":"string","description_kind":"plain","optional":true},"length":{"type":"number","description_kind":"plain","optional":true},"length_unit":{"type":"string","description":"One of [km, m, cm, mi, ft, in]. Required when `length` is set.","description_kind":"markdown","optional":true},"status":{"type":"string","description":"One of [connected, planned, decommissioning].","description_kind":"markdown","required":true},"tags":{"type":["set","string"],"description_kind":"plain","optional":true},"tenant_id":{"type":"number","description_kind":"plain","optional":true},"type":{"type":"string","description":"One of [cat3, cat5, cat5e, cat6, cat6a, cat7, cat7a, cat8, dac-active, dac-passive, mrj21-trunk, coaxial, mmf, mmf-om1, mmf-om2, mmf-om3, mmf-om4, mmf-om5, smf, smf-os1, smf-os2, aoc, power].","description_kind":"markdown","optional":true}},"block_types":{"a_termination":{"nesting_mode":"set","block":{"attributes":{"object_id":{"type":"number","description_kind":"plain","required":true},"object_type":{"type":"string","description_kind":"plain","required":true}},"description_kind":"plain"},"min_items":1},"b_termination":{"nesting_mode":"set","block":{"attributes":{"object_id":{"type":"number","description_kind":"plain","required":true},"object_type":{"type":"string","description_kind":"plain","required":true}},"description_kind":"plain"},"min_items":1}},"description":":meta:subcategory:Data Center Inventory Management (DCIM):From the [official documentation](https://docs.netbox.dev/en/stable/models/dcim/cable/):\n\n\u003e All connections between device components in NetBox are represented using cables. A cable represents a direct physical connection between two sets of endpoints (A and B), such as a console port and a patch panel port, or between two network interfaces.","description_kind":"markdown"}},"netbox_circuit":{"version":0,"block":{"attributes":{"cid":{"type":"string","description_kind":"plain","required":true},"id":{"type":"string","description_kind":"plain","optional":true,"computed":true},"provider_id":{"type":"number","description_kind":"plain","required":true},"status":{"type":"string","description":"Valid values are `planned`, `provisioning`, `active`, `offline`, `deprovisioning` and `decommissioning`.","description_kind":"markdown","required":true},"tenant_id":{"type":"number","description_kind":"plain","optional":true},"type_id":{"type":"number","description_kind":"plain","required":true}},"description":":meta:subcategory:Circuits:From the [official documentation](https://docs.netbox.dev/en/stable/features/circuits/#circuits_1):\n\n\u003e A communications circuit represents a single physical link connecting exactly two endpoints, commonly referred to as its A and Z terminations. A circuit in NetBox may have zero, one, or two terminations defined. It is common to have only one termination defined when you don't necessarily care about the details of the provider side of the circuit, e.g. for Internet access circuits. Both terminations would likely be modeled for circuits which connect one customer site to another.\n\u003e\n\u003e Each circuit is associated with a provider and a user-defined type. For example, you might have Internet access circuits delivered to each site by one provider, and private MPLS circuits delivered by another. Each circuit must be assigned a circuit ID, each of which must be unique per provider.","description_kind":"markdown"}},"netbox_circuit_provider":{"version":0,"block":{"attributes":{"id":{"type":"string","description_kind":"plain","optional":true,"computed":true},"name":{"type":"string","description_kind":"plain","required":true},"slug":{"type":"string","description_kind":"plain","optional":true,"computed":true}},"description":":meta:subcategory:Circuits:From the [official documentation](https://docs.netbox.dev/en/stable/features/circuits/#providers):\n\n\u003e A circuit provider is any entity which provides some form of connectivity of among sites or organizations within a site. While this obviously includes carriers which offer Internet and private transit service, it might also include Internet exchange (IX) points and even organizations with whom you peer directly. Each circuit within NetBox must be assigned a provider and a circuit ID which is unique to that provider.\n\u003e\n\u003e Each provider may be assigned an autonomous system number (ASN), an account number, and contact information.","description_kind":"markdown"}},"netbox_circuit_termination":{"version":0,"block":{"attributes":{"circuit_id":{"type":"number","description_kind":"plain","required":true},"custom_fields":{"type":["map","string"],"description_kind":"plain","optional":true},"id":{"type":"string","description_kind":"plain","optional":true,"computed":true},"port_speed":{"type":"number","description_kind":"plain","optional":true},"site_id":{"type":"number","description_kind":"plain","required":true},"tags":{"type":["set","string"],"description_kind":"plain","optional":true},"term_side":{"type":"string","description":"Valid values are `A` and `Z`.","description_kind":"markdown","required":true},"upstream_speed":{"type":"number","description_kind":"plain","optional":true}},"description":":meta:subcategory:Circuits:From the [official documentation](https://docs.netbox.dev/en/stable/features/circuits/#circuit-terminations):\n\n\u003e The association of a circuit with a particular site and/or device is modeled separately as a circuit termination. A circuit may have up to two terminations, labeled A and Z. A single-termination circuit can be used when you don't know (or care) about the far end of a circuit (for example, an Internet access circuit which connects to a transit provider). A dual-termination circuit is useful for tracking circuits which connect two sites.\n\u003e\n\u003e Each circuit termination is attached to either a site or to a provider network. Site terminations may optionally be connected via a cable to a specific device interface or port within that site. Each termination must be assigned a port speed, and can optionally be assigned an upstream speed if it differs from the downstream speed (a common scenario with e.g. DOCSIS cable modems). Fields are also available to track cross-connect and patch panel details.","description_kind":"markdown"}},"netbox_circuit_type":{"version":0,"block":{"attributes":{"id":{"type":"string","description_kind":"plain","optional":true,"computed":true},"name":{"type":"string","description_kind":"plain","required":true},"slug":{"type":"string","description_kind":"plain","optional":true,"computed":true}},"description":":meta:subcategory:Circuits:From the [official documentation](https://docs.netbox.dev/en/stable/features/circuits/#circuit-types):\n\n\u003e Circuits are classified by functional type. These types are completely customizable, and are typically used to convey the type of service being delivered over a circuit.","description_kind":"markdown"}},"netbox_cluster":{"version":0,"block":{"attributes":{"cluster_group_id":{"type":"number","description_kind":"plain","optional":true},"cluster_type_id":{"type":"number","description_kind":"plain","required":true},"comments":{"type":"string","description_kind":"plain","optional":true},"description":{"type":"string","description_kind":"plain","optional":true},"id":{"type":"string","description_kind":"plain","optional":true,"computed":true},"name":{"type":"string","description_kind":"plain","required":true},"site_id":{"type":"number","description_kind":"plain","optional":true},"tags":{"type":["set","string"],"description_kind":"plain","optional":true},"tenant_id":{"type":"number","description_kind":"plain","optional":true}},"description":":meta:subcategory:Virtualization:From the [official documentation](https://docs.netbox.dev/en/stable/features/virtualization/#clusters):\n\n\u003e A cluster is a logical grouping of physical resources within which virtual machines run. A cluster must be assigned a type (technological classification), and may optionally be assigned to a cluster group, site, and/or tenant. Each cluster must have a unique name within its assigned group and/or site, if any.\n\u003e\n\u003e Physical devices may be associated with clusters as hosts. This allows users to track on which host(s) a particular virtual machine may reside. However, NetBox does not support pinning a specific VM within a cluster to a particular host device.","description_kind":"markdown"}},"netbox_cluster_group":{"version":0,"block":{"attributes":{"description":{"type":"string","description_kind":"plain","optional":true},"id":{"type":"string","description_kind":"plain","optional":true,"computed":true},"name":{"type":"string","description_kind":"plain","required":true},"slug":{"type":"string","description_kind":"plain","optional":true,"computed":true}},"description":":meta:subcategory:Virtualization:From the [official documentation](https://docs.netbox.dev/en/stable/features/virtualization/#cluster-groups):\n\n\u003e Cluster groups may be created for the purpose of organizing clusters. The arrangement of clusters into groups is optional.","description_kind":"markdown"}},"netbox_cluster_type":{"version":0,"block":{"attributes":{"id":{"type":"string","description_kind":"plain","optional":true,"computed":true},"name":{"type":"string","description_kind":"plain","required":true},"slug":{"type":"string","description_kind":"plain","optional":true,"computed":true}},"description":":meta:subcategory:Virtualization:From the [official documentation](https://docs.netbox.dev/en/stable/features/virtualization/#cluster-types):\n\n\u003e A cluster type represents a technology or mechanism by which a cluster is formed. For example, you might create a cluster type named \"VMware vSphere\" for a locally hosted cluster or \"DigitalOcean NYC3\" for one hosted by a cloud provider.","description_kind":"markdown"}},"netbox_contact":{"version":0,"block":{"attributes":{"email":{"type":"string","description_kind":"plain","optional":true},"group_id":{"type":"number","description_kind":"plain","optional":true},"id":{"type":"string","description_kind":"plain","optional":true,"computed":true},"name":{"type":"string","description_kind":"plain","required":true},"phone":{"type":"string","description_kind":"plain","optional":true},"tags":{"type":["set","string"],"description_kind":"plain","optional":true}},"description":":meta:subcategory:Tenancy:From the [official documentation](https://docs.netbox.dev/en/stable/features/contacts/#contacts_1):\n\n\u003e A contact should represent an individual or permanent point of contact. Each contact must define a name, and may optionally include a title, phone number, email address, and related details.\n\u003e\n\u003e Contacts are reused for assignments, so each unique contact must be created only once and can be assigned to any number of NetBox objects, and there is no limit to the number of assigned contacts an object may have. Most core objects in NetBox can have contacts assigned to them.","description_kind":"markdown"}},"netbox_contact_assignment":{"version":0,"block":{"attributes":{"contact_id":{"type":"number","description_kind":"plain","required":true},"content_type":{"type":"string","description_kind":"plain","required":true},"id":{"type":"string","description_kind":"plain","optional":true,"computed":true},"object_id":{"type":"number","description_kind":"plain","required":true},"priority":{"type":"string","description":"Valid values are `primary`, `secondary`, `tertiary` and `inactive`.","description_kind":"markdown","optional":true},"role_id":{"type":"number","description_kind":"plain","required":true}},"description":":meta:subcategory:Tenancy:From the [official documentation](https://docs.netbox.dev/en/stable/features/contacts#contactassignments_1):\n\n\u003e Much like tenancy, contact assignment enables you to track ownership of resources modeled in NetBox.","description_kind":"markdown"}},"netbox_contact_group":{"version":0,"block":{"attributes":{"description":{"type":"string","description_kind":"plain","optional":true},"id":{"type":"string","description_kind":"plain","optional":true,"computed":true},"name":{"type":"string","description_kind":"plain","required":true},"parent_id":{"type":"number","description_kind":"plain","optional":true},"slug":{"type":"string","description_kind":"plain","optional":true,"computed":true}},"description":":meta:subcategory:Tenancy:From the [official documentation](https://docs.netbox.dev/en/stable/features/contacts/#contact-groups):\n\n\u003e Contacts can be grouped arbitrarily into a recursive hierarchy, and a contact can be assigned to a group at any level within the hierarchy.","description_kind":"markdown"}},"netbox_contact_role":{"version":0,"block":{"attributes":{"id":{"type":"string","description_kind":"plain","optional":true,"computed":true},"name":{"type":"string","description_kind":"plain","required":true},"slug":{"type":"string","description_kind":"plain","optional":true,"computed":true}},"description":":meta:subcategory:Tenancy:From the [official documentation](https://docs.netbox.dev/en/stable/features/contacts/#contactroles):\n\n\u003e A contact role defines the relationship of a contact to an assigned object. For example, you might define roles for administrative, operational, and emergency contacts","description_kind":"markdown"}},"netbox_custom_field":{"version":0,"block":{"attributes":{"choice_set_id":{"type":"number","description_kind":"plain","optional":true},"content_types":{"type":["set","string"],"description_kind":"plain","required":true},"default":{"type":"string","description_kind":"plain","optional":true},"description":{"type":"string","description_kind":"plain","optional":true},"group_name":{"type":"string","description_kind":"plain","optional":true},"id":{"type":"string","description_kind":"plain","optional":true,"computed":true},"label":{"type":"string","description_kind":"plain","optional":true},"name":{"type":"string","description_kind":"plain","required":true},"required":{"type":"bool","description_kind":"plain","optional":true},"type":{"type":"string","description_kind":"plain","required":true},"validation_maximum":{"type":"number","description_kind":"plain","optional":true},"validation_minimum":{"type":"number","description_kind":"plain","optional":true},"validation_regex":{"type":"string","description_kind":"plain","optional":true},"weight":{"type":"number","description_kind":"plain","optional":true}},"description":":meta:subcategory:Extras:From the [official documentation](https://docs.netbox.dev/en/stable/customization/custom-fields/#custom-fields):\n\n\u003e Each model in NetBox is represented in the database as a discrete table, and each attribute of a model exists as a column within its table. For example, sites are stored in the dcim_site table, which has columns named name, facility, physical_address, and so on. As new attributes are added to objects throughout the development of NetBox, tables are expanded to include new rows.\n\u003e\n\u003e However, some users might want to store additional object attributes that are somewhat esoteric in nature, and that would not make sense to include in the core NetBox database schema. For instance, suppose your organization needs to associate each device with a ticket number correlating it with an internal support system record. This is certainly a legitimate use for NetBox, but it's not a common enough need to warrant including a field for every NetBox installation. Instead, you can create a custom field to hold this data.","description_kind":"markdown"}},"netbox_custom_field_choice_set":{"version":0,"block":{"attributes":{"base_choices":{"type":"string","description":"Valid values are `IATA`, `ISO_3166` and `UN_LOCODE`. At least one of `base_choices` or `extra_choices` must be given.","description_kind":"markdown","optional":true},"custom_fields":{"type":["map","string"],"description_kind":"plain","optional":true},"description":{"type":"string","description_kind":"plain","optional":true},"extra_choices":{"type":["list",["list","string"]],"description":"This length of the inner lists must be exactly two, where the first value is the value of a choice and the second value is the label of the choice. At least one of `base_choices` or `extra_choices` must be given.","description_kind":"markdown","optional":true},"id":{"type":"string","description_kind":"plain","optional":true,"computed":true},"name":{"type":"string","description_kind":"plain","required":true},"order_alphabetically":{"type":"bool","description":"experimental. Defaults to `false`.","description_kind":"markdown","optional":true}},"description":":meta:subcategory:Extras:From the [official documentation](https://docs.netbox.dev/en/stable/models/extras/customfieldchoiceset/):\n\nSingle- and multi-selection custom fields must define a set of valid choices from which the user may choose when defining the field value. These choices are defined as sets that may be reused among multiple custom fields.\n\nA choice set must define a base choice set and/or a set of arbitrary extra choices.","description_kind":"markdown"}},"netbox_device":{"version":0,"block":{"attributes":{"asset_tag":{"type":"string","description_kind":"plain","optional":true},"cluster_id":{"type":"number","description_kind":"plain","optional":true},"comments":{"type":"string","description_kind":"plain","optional":true},"custom_fields":{"type":["map","string"],"description_kind":"plain","optional":true},"description":{"type":"string","description_kind":"plain","optional":true},"device_type_id":{"type":"number","description_kind":"plain","required":true},"id":{"type":"string","description_kind":"plain","optional":true,"computed":true},"local_context_data":{"type":"string","description":"This is best managed through the use of `jsonencode` and a map of settings.","description_kind":"markdown","optional":true},"location_id":{"type":"number","description_kind":"plain","optional":true},"name":{"type":"string","description_kind":"plain","required":true},"platform_id":{"type":"number","description_kind":"plain","optional":true},"primary_ipv4":{"type":"number","description_kind":"plain","computed":true},"primary_ipv6":{"type":"number","description_kind":"plain","computed":true},"rack_face":{"type":"string","description":"Valid values are `front` and `rear`. Required when `rack_position` is set.","description_kind":"markdown","optional":true},"rack_id":{"type":"number","description_kind":"plain","optional":true},"rack_position":{"type":"number","description_kind":"plain","optional":true},"role_id":{"type":"number","description_kind":"plain","required":true},"serial":{"type":"string","description_kind":"plain","optional":true},"site_id":{"type":"number","description_kind":"plain","required":true},"status":{"type":"string","description":"Valid values are `offline`, `active`, `planned`, `staged`, `failed` and `inventory`. Defaults to `active`.","description_kind":"markdown","optional":true},"tags":{"type":["set","string"],"description_kind":"plain","optional":true},"tenant_id":{"type":"number","description_kind":"plain","optional":true},"virtual_chassis_id":{"type":"number","description":"Required when `virtual_chassis_master` and `virtual_chassis_id` is set.","description_kind":"markdown","optional":true},"virtual_chassis_master":{"type":"bool","description":"Required when `virtual_chassis_master` and `virtual_chassis_id` is set.","description_kind":"markdown","optional":true},"virtual_chassis_position":{"type":"number","description_kind":"plain","optional":true},"virtual_chassis_priority":{"type":"number","description_kind":"plain","optional":true}},"description":":meta:subcategory:Data Center Inventory Management (DCIM):From the [official documentation](https://docs.netbox.dev/en/stable/features/devices/#devices):\n\n\u003e Every piece of hardware which is installed within a site or rack exists in NetBox as a device. Devices are measured in rack units (U) and can be half depth or full depth. A device may have a height of 0U: These devices do not consume vertical rack space and cannot be assigned to a particular rack unit. A common example of a 0U device is a vertically-mounted PDU.","description_kind":"markdown"}},"netbox_device_console_port":{"version":0,"block":{"attributes":{"custom_fields":{"type":["map","string"],"description_kind":"plain","optional":true},"description":{"type":"string","description_kind":"plain","optional":true},"device_id":{"type":"number","description_kind":"plain","required":true},"id":{"type":"string","description_kind":"plain","optional":true,"computed":true},"label":{"type":"string","description_kind":"plain","optional":true},"mark_connected":{"type":"bool","description":"Defaults to `false`.","description_kind":"markdown","optional":true},"module_id":{"type":"number","description_kind":"plain","optional":true},"name":{"type":"string","description_kind":"plain","required":true},"speed":{"type":"number","description":"One of [1200, 2400, 4800, 9600, 19200, 38400, 57600, 115200].","description_kind":"markdown","optional":true},"tags":{"type":["set","string"],"description_kind":"plain","optional":true},"type":{"type":"string","description":"One of [de-9, db-25, rj-11, rj-12, rj-45, mini-din-8, usb-a, usb-b, usb-c, usb-mini-a, usb-mini-b, usb-micro-a, usb-micro-b, usb-micro-ab, other].","description_kind":"markdown","optional":true}},"description":":meta:subcategory:Data Center Inventory Management (DCIM):From the [official documentation](https://docs.netbox.dev/en/stable/models/dcim/consoleport/):\n\n\u003e A console port provides connectivity to the physical console of a device. These are typically used for temporary access by someone who is physically near the device, or for remote out-of-band access provided via a networked console server.","description_kind":"markdown"}},"netbox_device_console_server_port":{"version":0,"block":{"attributes":{"custom_fields":{"type":["map","string"],"description_kind":"plain","optional":true},"description":{"type":"string","description_kind":"plain","optional":true},"device_id":{"type":"number","description_kind":"plain","required":true},"id":{"type":"string","description_kind":"plain","optional":true,"computed":true},"label":{"type":"string","description_kind":"plain","optional":true},"mark_connected":{"type":"bool","description":"Defaults to `false`.","description_kind":"markdown","optional":true},"module_id":{"type":"number","description_kind":"plain","optional":true},"name":{"type":"string","description_kind":"plain","required":true},"speed":{"type":"number","description":"One of [1200, 2400, 4800, 9600, 19200, 38400, 57600, 115200].","description_kind":"markdown","optional":true},"tags":{"type":["set","string"],"description_kind":"plain","optional":true},"type":{"type":"string","description":"One of [de-9, db-25, rj-11, rj-12, rj-45, mini-din-8, usb-a, usb-b, usb-c, usb-mini-a, usb-mini-b, usb-micro-a, usb-micro-b, usb-micro-ab, other].","description_kind":"markdown","optional":true}},"description":":meta:subcategory:Data Center Inventory Management (DCIM):From the [official documentation](https://docs.netbox.dev/en/stable/models/dcim/consoleserverport/):\n\n\u003e A console server is a device which provides remote access to the local consoles of connected devices. They are typically used to provide remote out-of-band access to network devices, and generally connect to console ports.","description_kind":"markdown"}},"netbox_device_front_port":{"version":0,"block":{"attributes":{"color_hex":{"type":"string","description_kind":"plain","optional":true},"custom_fields":{"type":["map","string"],"description_kind":"plain","optional":true},"description":{"type":"string","description_kind":"plain","optional":true},"device_id":{"type":"number","description_kind":"plain","required":true},"id":{"type":"string","description_kind":"plain","optional":true,"computed":true},"label":{"type":"string","description_kind":"plain","optional":true},"mark_connected":{"type":"bool","description":"Defaults to `false`.","description_kind":"markdown","optional":true},"module_id":{"type":"number","description_kind":"plain","optional":true},"name":{"type":"string","description_kind":"plain","required":true},"rear_port_id":{"type":"number","description_kind":"plain","required":true},"rear_port_position":{"type":"number","description_kind":"plain","required":true},"tags":{"type":["set","string"],"description_kind":"plain","optional":true},"type":{"type":"string","description":"One of [8p8c, 8p6c, 8p4c, 8p2c, 6p6c, 6p4c, 6p2c, 4p4c, 4p2c, gg45, tera-4p, tera-2p, tera-1p, 110-punch, bnc, f, n, mrj21, fc, lc, lc-pc, lc-upc, lc-apc, lsh, lsh-pc, lsh-upc, lsh-apc, mpo, mtrj, sc, sc-pc, sc-upc, sc-apc, st, cs, sn, sma-905, sma-906, urm-p2, urm-p4, urm-p8, splice, other].","description_kind":"markdown","required":true}},"description":":meta:subcategory:Data Center Inventory Management (DCIM):From the [official documentation](https://docs.netbox.dev/en/stable/models/dcim/frontport/):\n\n\u003e Front ports are pass-through ports which represent physical cable connections that comprise part of a longer path. For example, the ports on the front face of a UTP patch panel would be modeled in NetBox as front ports. Each port is assigned a physical type, and must be mapped to a specific rear port on the same device. A single rear port may be mapped to multiple front ports, using numeric positions to annotate the specific alignment of each.","description_kind":"markdown"}},"netbox_device_interface":{"version":0,"block":{"attributes":{"description":{"type":"string","description_kind":"plain","optional":true},"device_id":{"type":"number","description_kind":"plain","required":true},"enabled":{"type":"bool","description":"Defaults to `true`.","description_kind":"markdown","optional":true},"id":{"type":"string","description_kind":"plain","optional":true,"computed":true},"lag_device_interface_id":{"type":"number","description":"If this device is a member of a LAG group, you can reference the LAG interface here.","description_kind":"markdown","optional":true},"mac_address":{"type":"string","description_kind":"plain","optional":true},"mgmtonly":{"type":"bool","description_kind":"plain","optional":true},"mode":{"type":"string","description":"Valid values are `access`, `tagged` and `tagged-all`.","description_kind":"markdown","optional":true},"mtu":{"type":"number","description_kind":"plain","optional":true},"name":{"type":"string","description_kind":"plain","required":true},"parent_device_interface_id":{"type":"number","description":"The netbox_device_interface id of the parent interface. Useful if this interface is a logical interface.","description_kind":"markdown","optional":true},"speed":{"type":"number","description_kind":"plain","optional":true},"tagged_vlans":{"type":["set","number"],"description_kind":"plain","optional":true},"tags":{"type":["set","string"],"description_kind":"plain","optional":true},"type":{"type":"string","description_kind":"plain","required":true},"untagged_vlan":{"type":"number","description_kind":"plain","optional":true}},"description":":meta:subcategory:Data Center Inventory Management (DCIM):From the [official documentation](https://docs.netbox.dev/en/stable/features/device/#interface):\n\n\u003e Interfaces in NetBox represent network interfaces used to exchange data with connected devices. On modern networks, these are most commonly Ethernet, but other types are supported as well. IP addresses and VLANs can be assigned to interfaces.","description_kind":"markdown"}},"netbox_device_module_bay":{"version":0,"block":{"attributes":{"custom_fields":{"type":["map","string"],"description_kind":"plain","optional":true},"description":{"type":"string","description_kind":"plain","optional":true},"device_id":{"type":"number","description_kind":"plain","required":true},"id":{"type":"string","description_kind":"plain","optional":true,"computed":true},"label":{"type":"string","description_kind":"plain","optional":true},"name":{"type":"string","description_kind":"plain","required":true},"position":{"type":"string","description_kind":"plain","optional":true},"tags":{"type":["set","string"],"description_kind":"plain","optional":true}},"description":":meta:subcategory:Data Center Inventory Management (DCIM):From the [official documentation](https://docs.netbox.dev/en/stable/models/dcim/modulebay/):\n\n\u003e Module bays represent a space or slot within a device in which a field-replaceable module may be installed. A common example is that of a chassis-based switch such as the Cisco Nexus 9000 or Juniper EX9200. Modules in turn hold additional components that become available to the parent device.","description_kind":"markdown"}},"netbox_device_power_outlet":{"version":0,"block":{"attributes":{"custom_fields":{"type":["map","string"],"description_kind":"plain","optional":true},"description":{"type":"string","description_kind":"plain","optional":true},"device_id":{"type":"number","description_kind":"plain","required":true},"feed_leg":{"type":"string","description":"One of [A, B, C].","description_kind":"markdown","optional":true},"id":{"type":"string","description_kind":"plain","optional":true,"computed":true},"label":{"type":"string","description_kind":"plain","optional":true},"mark_connected":{"type":"bool","description":"Defaults to `false`.","description_kind":"markdown","optional":true},"module_id":{"type":"number","description_kind":"plain","optional":true},"name":{"type":"string","description_kind":"plain","required":true},"power_port_id":{"type":"number","description_kind":"plain","optional":true},"tags":{"type":["set","string"],"description_kind":"plain","optional":true},"type":{"type":"string","description":"One of [iec-60320-c5, iec-60320-c7, iec-60320-c13, iec-60320-c15, iec-60320-c19, iec-60320-c21, iec-60309-p-n-e-4h, iec-60309-p-n-e-6h, iec-60309-p-n-e-9h, iec-60309-2p-e-4h, iec-60309-2p-e-6h, iec-60309-2p-e-9h, iec-60309-3p-e-4h, iec-60309-3p-e-6h, iec-60309-3p-e-9h, iec-60309-3p-n-e-4h, iec-60309-3p-n-e-6h, iec-60309-3p-n-e-9h, nema-1-15r, nema-5-15r, nema-5-20r, nema-5-30r, nema-5-50r, nema-6-15r, nema-6-20r, nema-6-30r, nema-6-50r, nema-10-30r, nema-10-50r, nema-14-20r, nema-14-30r, nema-14-50r, nema-14-60r, nema-15-15r, nema-15-20r, nema-15-30r, nema-15-50r, nema-15-60r, nema-l1-15r, nema-l5-15r, nema-l5-20r, nema-l5-30r, nema-l5-50r, nema-l6-15r, nema-l6-20r, nema-l6-30r, nema-l6-50r, nema-l10-30r, nema-l14-20r, nema-l14-30r, nema-l14-50r, nema-l14-60r, nema-l15-20r, nema-l15-30r, nema-l15-50r, nema-l15-60r, nema-l21-20r, nema-l21-30r, nema-l22-30r, CS6360C, CS6364C, CS8164C, CS8264C, CS8364C, CS8464C, ita-e, ita-f, ita-g, ita-h, ita-i, ita-j, ita-k, ita-l, ita-m, ita-n, ita-o, ita-multistandard, usb-a, usb-micro-b, usb-c, dc-terminal, hdot-cx, saf-d-grid, neutrik-powercon-20a, neutrik-powercon-32a, neutrik-powercon-true1, neutrik-powercon-true1-top, ubiquiti-smartpower, hardwired, other].","description_kind":"markdown","optional":true}},"description":":meta:subcategory:Data Center Inventory Management (DCIM):From the [official documentation](https://docs.netbox.dev/en/stable/models/dcim/poweroutlet/):\n\n\u003e Power outlets represent the outlets on a power distribution unit (PDU) or other device that supplies power to dependent devices. Each power port may be assigned a physical type, and may be associated with a specific feed leg (where three-phase power is used) and/or a specific upstream power port. This association can be used to model the distribution of power within a device.\n\nFor example, imagine a PDU with one power port which draws from a three-phase feed and 48 power outlets arranged into three banks of 16 outlets each. Outlets 1-16 would be associated with leg A on the port, and outlets 17-32 and 33-48 would be associated with legs B and C, respectively.","description_kind":"markdown"}},"netbox_device_power_port":{"version":0,"block":{"attributes":{"allocated_draw":{"type":"number","description_kind":"plain","optional":true},"custom_fields":{"type":["map","string"],"description_kind":"plain","optional":true},"description":{"type":"string","description_kind":"plain","optional":true},"device_id":{"type":"number","description_kind":"plain","required":true},"id":{"type":"string","description_kind":"plain","optional":true,"computed":true},"label":{"type":"string","description_kind":"plain","optional":true},"mark_connected":{"type":"bool","description":"Defaults to `false`.","description_kind":"markdown","optional":true},"maximum_draw":{"type":"number","description_kind":"plain","optional":true},"module_id":{"type":"number","description_kind":"plain","optional":true},"name":{"type":"string","description_kind":"plain","required":true},"tags":{"type":["set","string"],"description_kind":"plain","optional":true},"type":{"type":"string","description":"One of [iec-60320-c6, iec-60320-c8, iec-60320-c14, iec-60320-c16, iec-60320-c20, iec-60320-c22, iec-60309-p-n-e-4h, iec-60309-p-n-e-6h, iec-60309-p-n-e-9h, iec-60309-2p-e-4h, iec-60309-2p-e-6h, iec-60309-2p-e-9h, iec-60309-3p-e-4h, iec-60309-3p-e-6h, iec-60309-3p-e-9h, iec-60309-3p-n-e-4h, iec-60309-3p-n-e-6h, iec-60309-3p-n-e-9h, nema-1-15p, nema-5-15p, nema-5-20p, nema-5-30p, nema-5-50p, nema-6-15p, nema-6-20p, nema-6-30p, nema-6-50p, nema-10-30p, nema-10-50p, nema-14-20p, nema-14-30p, nema-14-50p, nema-14-60p, nema-15-15p, nema-15-20p, nema-15-30p, nema-15-50p, nema-15-60p, nema-l1-15p, nema-l5-15p, nema-l5-20p, nema-l5-30p, nema-l5-50p, nema-l6-15p, nema-l6-20p, nema-l6-30p, nema-l6-50p, nema-l10-30p, nema-l14-20p, nema-l14-30p, nema-l14-50p, nema-l14-60p, nema-l15-20p, nema-l15-30p, nema-l15-50p, nema-l15-60p, nema-l21-20p, nema-l21-30p, nema-l22-30p, cs6361c, cs6365c, cs8165c, cs8265c, cs8365c, cs8465c, ita-c, ita-e, ita-f, ita-ef, ita-g, ita-h, ita-i, ita-j, ita-k, ita-l, ita-m, ita-n, ita-o, usb-a, usb-b, usb-c, usb-mini-a, usb-mini-b, usb-micro-a, usb-micro-b, usb-micro-ab, usb-3-b, usb-3-micro-b, dc-terminal, saf-d-grid, neutrik-powercon-20, neutrik-powercon-32, neutrik-powercon-true1, neutrik-powercon-true1-top, ubiquiti-smartpower, hardwired, other].","description_kind":"markdown","optional":true}},"description":":meta:subcategory:Data Center Inventory Management (DCIM):From the [official documentation](https://docs.netbox.dev/en/stable/models/dcim/powerport/):\n\n\u003e A power port is a device component which draws power from some external source (e.g. an upstream power outlet), and generally represents a power supply internal to a device.","description_kind":"markdown"}},"netbox_device_primary_ip":{"version":0,"block":{"attributes":{"device_id":{"type":"number","description_kind":"plain","required":true},"id":{"type":"string","description_kind":"plain","optional":true,"computed":true},"ip_address_id":{"type":"number","description_kind":"plain","required":true},"ip_address_version":{"type":"number","description":"Defaults to `4`.","description_kind":"markdown","optional":true}},"description":":meta:subcategory:Data Center Inventory Management (DCIM):This resource is used to define the primary IP for a given device. The primary IP is reflected in the device Netbox UI, which identifies the Primary IPv4 and IPv6 addresses.","description_kind":"markdown"}},"netbox_device_rear_port":{"version":0,"block":{"attributes":{"color_hex":{"type":"string","description_kind":"plain","optional":true},"custom_fields":{"type":["map","string"],"description_kind":"plain","optional":true},"description":{"type":"string","description_kind":"plain","optional":true},"device_id":{"type":"number","description_kind":"plain","required":true},"id":{"type":"string","description_kind":"plain","optional":true,"computed":true},"label":{"type":"string","description_kind":"plain","optional":true},"mark_connected":{"type":"bool","description":"Defaults to `false`.","description_kind":"markdown","optional":true},"module_id":{"type":"number","description_kind":"plain","optional":true},"name":{"type":"string","description_kind":"plain","required":true},"positions":{"type":"number","description_kind":"plain","required":true},"tags":{"type":["set","string"],"description_kind":"plain","optional":true},"type":{"type":"string","description":"One of [8p8c, 8p6c, 8p4c, 8p2c, 6p6c, 6p4c, 6p2c, 4p4c, 4p2c, gg45, tera-4p, tera-2p, tera-1p, 110-punch, bnc, f, n, mrj21, fc, lc, lc-pc, lc-upc, lc-apc, lsh, lsh-pc, lsh-upc, lsh-apc, mpo, mtrj, sc, sc-pc, sc-upc, sc-apc, st, cs, sn, sma-905, sma-906, urm-p2, urm-p4, urm-p8, splice, other].","description_kind":"markdown","required":true}},"description":":meta:subcategory:Data Center Inventory Management (DCIM):From the [official documentation](https://docs.netbox.dev/en/stable/models/dcim/rearport/):\n\n\u003e Like front ports, rear ports are pass-through ports which represent the continuation of a path from one cable to the next. Each rear port is defined with its physical type and a number of positions: Rear ports with more than one position can be mapped to multiple front ports. This can be useful for modeling instances where multiple paths share a common cable (for example, six discrete two-strand fiber connections sharing a 12-strand MPO cable).","description_kind":"markdown"}},"netbox_device_role":{"version":0,"block":{"attributes":{"color_hex":{"type":"string","description_kind":"plain","required":true},"description":{"type":"string","description_kind":"plain","optional":true},"id":{"type":"string","description_kind":"plain","optional":true,"computed":true},"name":{"type":"string","description_kind":"plain","required":true},"slug":{"type":"string","description_kind":"plain","optional":true,"computed":true},"tags":{"type":["set","string"],"description_kind":"plain","optional":true},"vm_role":{"type":"bool","description":"Defaults to `true`.","description_kind":"markdown","optional":true}},"description":":meta:subcategory:Data Center Inventory Management (DCIM):From the [official documentation](https://docs.netbox.dev/en/stable/features/devices/#device-roles):\n\n\u003e Devices can be organized by functional roles, which are fully customizable by the user. For example, you might create roles for core switches, distribution switches, and access switches within your network.","description_kind":"markdown"}},"netbox_device_type":{"version":0,"block":{"attributes":{"id":{"type":"string","description_kind":"plain","optional":true,"computed":true},"is_full_depth":{"type":"bool","description_kind":"plain","optional":true},"manufacturer_id":{"type":"number","description_kind":"plain","required":true},"model":{"type":"string","description_kind":"plain","required":true},"part_number":{"type":"string","description_kind":"plain","optional":true},"slug":{"type":"string","description_kind":"plain","optional":true,"computed":true},"tags":{"type":["set","string"],"description_kind":"plain","optional":true},"u_height":{"type":"number","description":"Defaults to `1.0`.","description_kind":"markdown","optional":true}},"description":":meta:subcategory:Data Center Inventory Management (DCIM):From the [official documentation](https://docs.netbox.dev/en/stable/features/device-types/#device-types_1):\n\n\u003e A device type represents a particular make and model of hardware that exists in the real world. Device types define the physical attributes of a device (rack height and depth) and its individual components (console, power, network interfaces, and so on).","description_kind":"markdown"}},"netbox_event_rule":{"version":0,"block":{"attributes":{"action_object_id":{"type":"number","description_kind":"plain","required":true},"action_type":{"type":"string","description":"Valid values are `webhook`.","description_kind":"markdown","required":true},"conditions":{"type":"string","description_kind":"plain","optional":true},"content_types":{"type":["set","string"],"description_kind":"plain","required":true},"description":{"type":"string","description_kind":"plain","optional":true},"enabled":{"type":"bool","description":"Defaults to `true`.","description_kind":"markdown","optional":true},"id":{"type":"string","description_kind":"plain","optional":true,"computed":true},"name":{"type":"string","description_kind":"plain","required":true},"tags":{"type":["set","string"],"description_kind":"plain","optional":true},"trigger_on_create":{"type":"bool","description":"At least one of `trigger_on_create`, `trigger_on_update`, `trigger_on_delete`, `trigger_on_job_start` or `trigger_on_job_end` must be given.","description_kind":"markdown","optional":true},"trigger_on_delete":{"type":"bool","description":"At least one of `trigger_on_create`, `trigger_on_update`, `trigger_on_delete`, `trigger_on_job_start` or `trigger_on_job_end` must be given.","description_kind":"markdown","optional":true},"trigger_on_job_end":{"type":"bool","description":"At least one of `trigger_on_create`, `trigger_on_update`, `trigger_on_delete`, `trigger_on_job_start` or `trigger_on_job_end` must be given.","description_kind":"markdown","optional":true},"trigger_on_job_start":{"type":"bool","description":"At least one of `trigger_on_create`, `trigger_on_update`, `trigger_on_delete`, `trigger_on_job_start` or `trigger_on_job_end` must be given.","description_kind":"markdown","optional":true},"trigger_on_update":{"type":"bool","description":"At least one of `trigger_on_create`, `trigger_on_update`, `trigger_on_delete`, `trigger_on_job_start` or `trigger_on_job_end` must be given.","description_kind":"markdown","optional":true}},"description":":meta:subcategory:Extras:From the [official documentation](https://docs.netbox.dev/en/stable/features/event-rules/):\n\n\u003e NetBox can be configured via Event Rules to transmit outgoing webhooks to remote systems in response to internal object changes. The receiver can act on the data in these webhook messages to perform related tasks.","description_kind":"markdown"}},"netbox_interface":{"version":0,"block":{"attributes":{"description":{"type":"string","description_kind":"plain","optional":true},"enabled":{"type":"bool","description":"Defaults to `true`.","description_kind":"markdown","optional":true},"id":{"type":"string","description_kind":"plain","optional":true,"computed":true},"mac_address":{"type":"string","description_kind":"plain","optional":true},"mode":{"type":"string","description":"Valid values are `access`, `tagged` and `tagged-all`.","description_kind":"markdown","optional":true},"mtu":{"type":"number","description_kind":"plain","optional":true},"name":{"type":"string","description_kind":"plain","required":true},"tagged_vlans":{"type":["set","number"],"description_kind":"plain","optional":true},"tags":{"type":["set","string"],"description_kind":"plain","optional":true},"type":{"type":"string","description_kind":"plain","deprecated":true,"optional":true},"untagged_vlan":{"type":"number","description_kind":"plain","optional":true},"virtual_machine_id":{"type":"number","description_kind":"plain","required":true}},"description":":meta:subcategory:Virtualization:From the [official documentation](https://docs.netbox.dev/en/stable/features/virtualization/#interfaces):\n\n\u003e Virtual machine interfaces behave similarly to device interfaces, and can be assigned to VRFs, and may have IP addresses, VLANs, and services attached to them. However, given their virtual nature, they lack properties pertaining to physical attributes. For example, VM interfaces do not have a physical type and cannot have cables attached to them.","description_kind":"markdown"}},"netbox_inventory_item":{"version":0,"block":{"attributes":{"asset_tag":{"type":"string","description_kind":"plain","optional":true},"component_id":{"type":"number","description":"Required when `component_type` is set.","description_kind":"markdown","optional":true},"component_type":{"type":"string","description_kind":"plain","optional":true},"custom_fields":{"type":["map","string"],"description_kind":"plain","optional":true},"description":{"type":"string","description_kind":"plain","optional":true},"device_id":{"type":"number","description_kind":"plain","required":true},"discovered":{"type":"bool","description":"Defaults to `false`.","description_kind":"markdown","optional":true},"id":{"type":"string","description_kind":"plain","optional":true,"computed":true},"label":{"type":"string","description_kind":"plain","optional":true},"manufacturer_id":{"type":"number","description_kind":"plain","optional":true},"name":{"type":"string","description_kind":"plain","required":true},"parent_id":{"type":"number","description_kind":"plain","optional":true},"part_id":{"type":"string","description_kind":"plain","optional":true},"role_id":{"type":"number","description_kind":"plain","optional":true},"serial":{"type":"string","description_kind":"plain","optional":true},"tags":{"type":["set","string"],"description_kind":"plain","optional":true}},"description":":meta:subcategory:Data Center Inventory Management (DCIM):From the [official documentation](https://docs.netbox.dev/en/stable/models/dcim/inventoryitem/):\n\n\u003e Inventory items represent hardware components installed within a device, such as a power supply or CPU or line card. They are intended to be used primarily for inventory purposes.","description_kind":"markdown"}},"netbox_inventory_item_role":{"version":0,"block":{"attributes":{"color_hex":{"type":"string","description_kind":"plain","required":true},"custom_fields":{"type":["map","string"],"description_kind":"plain","optional":true},"description":{"type":"string","description_kind":"plain","optional":true},"id":{"type":"string","description_kind":"plain","optional":true,"computed":true},"name":{"type":"string","description_kind":"plain","required":true},"slug":{"type":"string","description_kind":"plain","required":true},"tags":{"type":["set","string"],"description_kind":"plain","optional":true}},"description":":meta:subcategory:Data Center Inventory Management (DCIM):From the [official documentation](https://docs.netbox.dev/en/stable/models/dcim/inventoryitemrole/):\n\n\u003e Inventory items can be organized by functional roles, which are fully customizable by the user. For example, you might create roles for power supplies, fans, interface optics, etc.","description_kind":"markdown"}},"netbox_ip_address":{"version":0,"block":{"attributes":{"description":{"type":"string","description_kind":"plain","optional":true},"device_interface_id":{"type":"number","description":"Conflicts with `interface_id` and `virtual_machine_interface_id`.","description_kind":"markdown","optional":true},"dns_name":{"type":"string","description_kind":"plain","optional":true},"id":{"type":"string","description_kind":"plain","optional":true,"computed":true},"interface_id":{"type":"number","description":"Required when `object_type` is set.","description_kind":"markdown","optional":true},"ip_address":{"type":"string","description_kind":"plain","required":true},"nat_inside_address_id":{"type":"number","description_kind":"plain","optional":true},"nat_outside_addresses":{"type":["list",["object",{"address_family":"number","id":"number","ip_address":"string"}]],"description_kind":"plain","computed":true},"object_type":{"type":"string","description":"Valid values are `virtualization.vminterface` and `dcim.interface`. Required when `interface_id` is set.","description_kind":"markdown","optional":true},"role":{"type":"string","description":"Valid values are `loopback`, `secondary`, `anycast`, `vip`, `vrrp`, `hsrp`, `glbp` and `carp`.","description_kind":"markdown","optional":true},"status":{"type":"string","description":"Valid values are `active`, `reserved`, `deprecated`, `dhcp` and `slaac`.","description_kind":"markdown","required":true},"tags":{"type":["set","string"],"description_kind":"plain","optional":true},"tenant_id":{"type":"number","description_kind":"plain","optional":true},"virtual_machine_interface_id":{"type":"number","description":"Conflicts with `interface_id` and `device_interface_id`.","description_kind":"markdown","optional":true},"vrf_id":{"type":"number","description_kind":"plain","optional":true}},"description":":meta:subcategory:IP Address Management (IPAM):From the [official documentation](https://docs.netbox.dev/en/stable/features/ipam/#ip-addresses):\n\n\u003e An IP address comprises a single host address (either IPv4 or IPv6) and its subnet mask. Its mask should match exactly how the IP address is configured on an interface in the real world.\n\u003e\n\u003e Like a prefix, an IP address can optionally be assigned to a VRF (otherwise, it will appear in the \"global\" table). IP addresses are automatically arranged under parent prefixes within their respective VRFs according to the IP hierarchy.","description_kind":"markdown"}},"netbox_ip_range":{"version":0,"block":{"attributes":{"description":{"type":"string","description_kind":"plain","optional":true},"end_address":{"type":"string","description_kind":"plain","required":true},"id":{"type":"string","description_kind":"plain","optional":true,"computed":true},"role_id":{"type":"number","description_kind":"plain","optional":true},"start_address":{"type":"string","description_kind":"plain","required":true},"status":{"type":"string","description":"Valid values are `active`, `reserved` and `deprecated`. Defaults to `active`.","description_kind":"markdown","optional":true},"tags":{"type":["set","string"],"description_kind":"plain","optional":true},"tenant_id":{"type":"number","description_kind":"plain","optional":true},"vrf_id":{"type":"number","description_kind":"plain","optional":true}},"description":":meta:subcategory:IP Address Management (IPAM):From the [official documentation](https://docs.netbox.dev/en/stable/features/ipam/#ip-ranges):\n\n\u003e This model represents an arbitrary range of individual IPv4 or IPv6 addresses, inclusive of its starting and ending addresses. For instance, the range 192.0.2.10 to 192.0.2.20 has eleven members. (The total member count is available as the size property on an IPRange instance.) Like prefixes and IP addresses, each IP range may optionally be assigned to a VRF and/or tenant.","description_kind":"markdown"}},"netbox_ipam_role":{"version":0,"block":{"attributes":{"description":{"type":"string","description_kind":"plain","optional":true},"id":{"type":"string","description_kind":"plain","optional":true,"computed":true},"name":{"type":"string","description_kind":"plain","required":true},"slug":{"type":"string","description_kind":"plain","optional":true,"computed":true},"weight":{"type":"number","description_kind":"plain","optional":true}},"description":":meta:subcategory:IP Address Management (IPAM):From the [official documentation](https://docs.netbox.dev/en/stable/features/ipam/#prefixvlan-roles):\n\n\u003e A role indicates the function of a prefix or VLAN. For example, you might define Data, Voice, and Security roles. Generally, a prefix will be assigned the same functional role as the VLAN to which it is assigned (if any).","description_kind":"markdown"}},"netbox_location":{"version":0,"block":{"attributes":{"custom_fields":{"type":["map","string"],"description_kind":"plain","optional":true},"description":{"type":"string","description_kind":"plain","optional":true},"id":{"type":"string","description_kind":"plain","optional":true,"computed":true},"name":{"type":"string","description_kind":"plain","required":true},"parent_id":{"type":"number","description_kind":"plain","optional":true},"site_id":{"type":"number","description_kind":"plain","optional":true},"slug":{"type":"string","description_kind":"plain","optional":true,"computed":true},"tags":{"type":["set","string"],"description_kind":"plain","optional":true},"tenant_id":{"type":"number","description_kind":"plain","optional":true}},"description":":meta:subcategory:Data Center Inventory Management (DCIM):From the [official documentation](https://docs.netbox.dev/en/stable/features/sites-and-racks/#locations):\n\n\u003e Racks and devices can be grouped by location within a site. A location may represent a floor, room, cage, or similar organizational unit. Locations can be nested to form a hierarchy. For example, you may have floors within a site, and rooms within a floor.\n\nEach location must have a name that is unique within its parent site and location, if any.","description_kind":"markdown"}},"netbox_manufacturer":{"version":0,"block":{"attributes":{"id":{"type":"string","description_kind":"plain","optional":true,"computed":true},"name":{"type":"string","description_kind":"plain","required":true},"slug":{"type":"string","description_kind":"plain","optional":true,"computed":true}},"description":":meta:subcategory:Data Center Inventory Management (DCIM):From the [official documentation](https://docs.netbox.dev/en/stable/features/device-types/#manufacturers):\n\n\u003e A manufacturer represents the \"make\" of a device; e.g. Cisco or Dell. Each device type must be assigned to a manufacturer. (Inventory items and platforms may also be associated with manufacturers.) Each manufacturer must have a unique name and may have a description assigned to it.","description_kind":"markdown"}},"netbox_module":{"version":0,"block":{"attributes":{"asset_tag":{"type":"string","description_kind":"plain","optional":true},"comments":{"type":"string","description_kind":"plain","optional":true},"custom_fields":{"type":["map","string"],"description_kind":"plain","optional":true},"description":{"type":"string","description_kind":"plain","optional":true},"device_id":{"type":"number","description_kind":"plain","required":true},"id":{"type":"string","description_kind":"plain","optional":true,"computed":true},"module_bay_id":{"type":"number","description_kind":"plain","required":true},"module_type_id":{"type":"number","description_kind":"plain","required":true},"serial":{"type":"string","description_kind":"plain","optional":true},"status":{"type":"string","description":"One of [offline, active, planned, staged, failed, decommissioning].","description_kind":"markdown","required":true},"tags":{"type":["set","string"],"description_kind":"plain","optional":true}},"description":":meta:subcategory:Data Center Inventory Management (DCIM):From the [official documentation](https://docs.netbox.dev/en/stable/models/dcim/module/):\n\n\u003e A module is a field-replaceable hardware component installed within a device which houses its own child components. The most common example is a chassis-based router or switch.\n\nSimilar to devices, modules are instantiated from module types, and any components associated with the module type are automatically instantiated on the new model. Each module must be installed within a module bay on a device, and each module bay may have only one module installed in it.","description_kind":"markdown"}},"netbox_module_type":{"version":0,"block":{"attributes":{"comments":{"type":"string","description_kind":"plain","optional":true},"custom_fields":{"type":["map","string"],"description_kind":"plain","optional":true},"description":{"type":"string","description_kind":"plain","optional":true},"id":{"type":"string","description_kind":"plain","optional":true,"computed":true},"manufacturer_id":{"type":"number","description_kind":"plain","required":true},"model":{"type":"string","description_kind":"plain","required":true},"part_number":{"type":"string","description_kind":"plain","optional":true},"tags":{"type":["set","string"],"description_kind":"plain","optional":true},"weight":{"type":"number","description_kind":"plain","optional":true},"weight_unit":{"type":"string","description":"One of [kg, g, lb, oz]. Required when `weight` is set.","description_kind":"markdown","optional":true}},"description":":meta:subcategory:Data Center Inventory Management (DCIM):From the [official documentation](https://docs.netbox.dev/en/stable/models/dcim/moduletype/):\n\n\u003e A module type represents a specific make and model of hardware component which is installable within a device's module bay and has its own child components. For example, consider a chassis-based switch or router with a number of field-replaceable line cards. Each line card has its own model number and includes a certain set of components such as interfaces. Each module type may have a manufacturer, model number, and part number assigned to it.","description_kind":"markdown"}},"netbox_permission":{"version":0,"block":{"attributes":{"actions":{"type":["set","string"],"description":"A list actions that are allowed on the object types. Acceptable values are `view`, `add`, `change`, or `delete`.","description_kind":"markdown","required":true},"constraints":{"type":"string","description":"A JSON string of an arbitrary filter used to limit the granted action(s) to a specific subset of objects. For more information on correct syntax, see https://docs.netbox.dev/en/stable/administration/permissions/#constraints.","description_kind":"markdown","optional":true},"description":{"type":"string","description":"The description of the permission object.","description_kind":"markdown","optional":true},"enabled":{"type":"bool","description":"Whether the permission object is enabled or not. Defaults to `true`.","description_kind":"markdown","optional":true},"groups":{"type":["set","number"],"description":"A list of group IDs that have been assigned to this permission object.","description_kind":"markdown","optional":true},"id":{"type":"string","description_kind":"plain","optional":true,"computed":true},"name":{"type":"string","description":"The name of the permission object.","description_kind":"markdown","required":true},"object_types":{"type":["set","string"],"description":"A list of object types that the permission object allows access to. Should be in a form the API can accept. For example: `circuits.provider`, `dcim.inventoryitem`, etc.","description_kind":"markdown","required":true},"users":{"type":["set","number"],"description":"A list of user IDs that have been assigned to this permission object.","description_kind":"markdown","optional":true}},"description":":meta:subcategory:Authentication:This resource manages the object-based permissions for Netbox users, built into the application.\n\n\u003e Object-based permissions enable an administrator to grant users or groups the ability to perform an action on arbitrary subsets of objects in NetBox, rather than all objects of a certain type.\n\u003e For more information, see the [Netbox Object-Based Permissions Docs.](https://docs.netbox.dev/en/stable/administration/permissions/)","description_kind":"markdown"}},"netbox_platform":{"version":0,"block":{"attributes":{"id":{"type":"string","description_kind":"plain","optional":true,"computed":true},"name":{"type":"string","description_kind":"plain","required":true},"slug":{"type":"string","description_kind":"plain","optional":true,"computed":true}},"description":":meta:subcategory:Data Center Inventory Management (DCIM):From the [official documentation](https://docs.netbox.dev/en/stable/features/devices/#platforms):\n\n\u003e A platform defines the type of software running on a device or virtual machine. This can be helpful to model when it is necessary to distinguish between different versions or feature sets. Note that two devices of the same type may be assigned different platforms: For example, one Juniper MX240 might run Junos 14 while another runs Junos 15.","description_kind":"markdown"}},"netbox_power_feed":{"version":0,"block":{"attributes":{"amperage":{"type":"number","description_kind":"plain","required":true},"comments":{"type":"string","description_kind":"plain","optional":true},"custom_fields":{"type":["map","string"],"description_kind":"plain","optional":true},"description":{"type":"string","description_kind":"plain","optional":true},"id":{"type":"string","description_kind":"plain","optional":true,"computed":true},"mark_connected":{"type":"bool","description":"Defaults to `false`.","description_kind":"markdown","optional":true},"max_percent_utilization":{"type":"number","description_kind":"plain","required":true},"name":{"type":"string","description_kind":"plain","required":true},"phase":{"type":"string","description":"One of [single-phase, three-phase].","description_kind":"markdown","required":true},"power_panel_id":{"type":"number","description_kind":"plain","required":true},"rack_id":{"type":"number","description_kind":"plain","optional":true},"status":{"type":"string","description":"One of [offline, active, planned, failed].","description_kind":"markdown","required":true},"supply":{"type":"string","description":"One of [ac, dc].","description_kind":"markdown","required":true},"tags":{"type":["set","string"],"description_kind":"plain","optional":true},"type":{"type":"string","description":"One of [primary, redundant].","description_kind":"markdown","required":true},"voltage":{"type":"number","description_kind":"plain","required":true}},"description":":meta:subcategory:Data Center Inventory Management (DCIM):From the [official documentation](https://docs.netbox.dev/en/stable/models/dcim/powerfeed/):\n\n\u003e A power feed represents the distribution of power from a power panel to a particular device, typically a power distribution unit (PDU). The power port (inlet) on a device can be connected via a cable to a power feed. A power feed may optionally be assigned to a rack to allow more easily tracking the distribution of power among racks.","description_kind":"markdown"}},"netbox_power_panel":{"version":0,"block":{"attributes":{"comments":{"type":"string","description_kind":"plain","optional":true},"custom_fields":{"type":["map","string"],"description_kind":"plain","optional":true},"description":{"type":"string","description_kind":"plain","optional":true},"id":{"type":"string","description_kind":"plain","optional":true,"computed":true},"location_id":{"type":"number","description_kind":"plain","optional":true},"name":{"type":"string","description_kind":"plain","required":true},"site_id":{"type":"number","description_kind":"plain","required":true},"tags":{"type":["set","string"],"description_kind":"plain","optional":true}},"description":":meta:subcategory:Data Center Inventory Management (DCIM):From the [official documentation](https://docs.netbox.dev/en/stable/models/dcim/powerpanel/):\n\n\u003e A power panel represents the origin point in NetBox for electrical power being disseminated by one or more power feeds. In a data center environment, one power panel often serves a group of racks, with an individual power feed extending to each rack, though this is not always the case. It is common to have two sets of panels and feeds arranged in parallel to provide redundant power to each rack.","description_kind":"markdown"}},"netbox_prefix":{"version":0,"block":{"attributes":{"custom_fields":{"type":["map","string"],"description_kind":"plain","optional":true},"description":{"type":"string","description_kind":"plain","optional":true},"id":{"type":"string","description_kind":"plain","optional":true,"computed":true},"is_pool":{"type":"bool","description_kind":"plain","optional":true},"mark_utilized":{"type":"bool","description_kind":"plain","optional":true},"prefix":{"type":"string","description_kind":"plain","required":true},"role_id":{"type":"number","description_kind":"plain","optional":true},"site_id":{"type":"number","description_kind":"plain","optional":true},"status":{"type":"string","description":"Valid values are `active`, `container`, `reserved` and `deprecated`.","description_kind":"markdown","required":true},"tags":{"type":["set","string"],"description_kind":"plain","optional":true},"tenant_id":{"type":"number","description_kind":"plain","optional":true},"vlan_id":{"type":"number","description_kind":"plain","optional":true},"vrf_id":{"type":"number","description_kind":"plain","optional":true}},"description":":meta:subcategory:IP Address Management (IPAM):From the [official documentation](https://docs.netbox.dev/en/stable/features/ipam/#prefixes):\n\n\u003e A prefix is an IPv4 or IPv6 network and mask expressed in CIDR notation (e.g. 192.0.2.0/24). A prefix entails only the \"network portion\" of an IP address: All bits in the address not covered by the mask must be zero. (In other words, a prefix cannot be a specific IP address.)\n\u003e\n\u003e Prefixes are automatically organized by their parent aggregates. Additionally, each prefix can be assigned to a particular site and virtual routing and forwarding instance (VRF). Each VRF represents a separate IP space or routing table. All prefixes not assigned to a VRF are considered to be in the \"global\" table.","description_kind":"markdown"}},"netbox_primary_ip":{"version":0,"block":{"attributes":{"id":{"type":"string","description_kind":"plain","optional":true,"computed":true},"ip_address_id":{"type":"number","description_kind":"plain","required":true},"ip_address_version":{"type":"number","description":"Defaults to `4`.","description_kind":"markdown","optional":true},"virtual_machine_id":{"type":"number","description_kind":"plain","required":true}},"description":":meta:subcategory:Virtualization:This resource is used to define the primary IP for a given virtual machine. The primary IP is reflected in the Virtual machine Netbox UI, which identifies the Primary IPv4 and IPv6 addresses.","description_kind":"markdown"}},"netbox_rack":{"version":0,"block":{"attributes":{"asset_tag":{"type":"string","description_kind":"plain","optional":true},"comments":{"type":"string","description_kind":"plain","optional":true},"custom_fields":{"type":["map","string"],"description_kind":"plain","optional":true},"desc_units":{"type":"bool","description":"If rack units are descending. Defaults to `false`.","description_kind":"markdown","optional":true},"description":{"type":"string","description_kind":"plain","optional":true},"facility_id":{"type":"string","description_kind":"plain","optional":true},"id":{"type":"string","description_kind":"plain","optional":true,"computed":true},"location_id":{"type":"number","description_kind":"plain","optional":true},"max_weight":{"type":"number","description_kind":"plain","optional":true},"mounting_depth":{"type":"number","description_kind":"plain","optional":true},"name":{"type":"string","description_kind":"plain","required":true},"outer_depth":{"type":"number","description_kind":"plain","optional":true},"outer_unit":{"type":"string","description":"Valid values are `mm` and `in`. Required when `outer_width` and `outer_depth` is set.","description_kind":"markdown","optional":true},"outer_width":{"type":"number","description_kind":"plain","optional":true},"role_id":{"type":"number","description_kind":"plain","optional":true},"serial":{"type":"string","description_kind":"plain","optional":true},"site_id":{"type":"number","description_kind":"plain","required":true},"status":{"type":"string","description":"Valid values are `reserved`, `available`, `planned`, `active` and `deprecated`.","description_kind":"markdown","required":true},"tags":{"type":["set","string"],"description_kind":"plain","optional":true},"tenant_id":{"type":"number","description_kind":"plain","optional":true},"type":{"type":"string","description":"Valid values are `2-post-frame`, `4-post-frame`, `4-post-cabinet`, `wall-frame`, `wall-frame-vertical`, `wall-cabinet` and `wall-cabinet-vertical`.","description_kind":"markdown","optional":true},"u_height":{"type":"number","description_kind":"plain","required":true},"weight":{"type":"number","description_kind":"plain","optional":true},"weight_unit":{"type":"string","description":"Valid values are `kg`, `g`, `lb` and `oz`. Required when `weight` and `max_weight` is set.","description_kind":"markdown","optional":true},"width":{"type":"number","description":"Valid values are `10`, `19`, `21` and `23`.","description_kind":"markdown","required":true}},"description":":meta:subcategory:Data Center Inventory Management (DCIM):From the [official documentation](https://docs.netbox.dev/en/stable/models/dcim/rack/):\n\n\u003e The rack model represents a physical two- or four-post equipment rack in which devices can be installed. Each rack must be assigned to a site, and may optionally be assigned to a location within that site. Racks can also be organized by user-defined functional roles. The name and facility ID of each rack within a location must be unique.\n\nRack height is measured in rack units (U); racks are commonly between 42U and 48U tall, but NetBox allows you to define racks of arbitrary height. A toggle is provided to indicate whether rack units are in ascending (from the ground up) or descending order.\n\nEach rack is assigned a name and (optionally) a separate facility ID. This is helpful when leasing space in a data center your organization does not own: The facility will often assign a seemingly arbitrary ID to a rack (for example, \"M204.313\") whereas internally you refer to is simply as \"R113.\" A unique serial number and asset tag may also be associated with each rack.","description_kind":"markdown"}},"netbox_rack_reservation":{"version":0,"block":{"attributes":{"comments":{"type":"string","description_kind":"plain","optional":true},"description":{"type":"string","description_kind":"plain","required":true},"id":{"type":"string","description_kind":"plain","optional":true,"computed":true},"rack_id":{"type":"number","description_kind":"plain","required":true},"tags":{"type":["set","string"],"description_kind":"plain","optional":true},"tenant_id":{"type":"number","description_kind":"plain","optional":true},"units":{"type":["set","number"],"description_kind":"plain","required":true},"user_id":{"type":"number","description_kind":"plain","required":true}},"description":":meta:subcategory:Data Center Inventory Management (DCIM):From the [official documentation](https://docs.netbox.dev/en/stable/models/dcim/rackreservation/):\n\n\u003e Users can reserve specific units within a rack for future use. An arbitrary set of units within a rack can be associated with a single reservation, but reservations cannot span multiple racks. A description is required for each reservation, reservations may optionally be associated with a specific tenant.","description_kind":"markdown"}},"netbox_rack_role":{"version":0,"block":{"attributes":{"color_hex":{"type":"string","description_kind":"plain","required":true},"description":{"type":"string","description_kind":"plain","optional":true},"id":{"type":"string","description_kind":"plain","optional":true,"computed":true},"name":{"type":"string","description_kind":"plain","required":true},"slug":{"type":"string","description_kind":"plain","optional":true,"computed":true},"tags":{"type":["set","string"],"description_kind":"plain","optional":true}},"description":":meta:subcategory:Data Center Inventory Management (DCIM):From the [official documentation](https://docs.netbox.dev/en/stable/models/dcim/rackrole/):\n\n\u003e Each rack can optionally be assigned a user-defined functional role. For example, you might designate a rack for compute or storage resources, or to house colocated customer devices.","description_kind":"markdown"}},"netbox_region":{"version":0,"block":{"attributes":{"description":{"type":"string","description_kind":"plain","optional":true},"id":{"type":"string","description_kind":"plain","computed":true},"name":{"type":"string","description_kind":"plain","required":true},"parent_region_id":{"type":"number","description_kind":"plain","optional":true},"slug":{"type":"string","description_kind":"plain","optional":true,"computed":true}},"description":":meta:subcategory:Data Center Inventory Management (DCIM):From the [official documentation](https://docs.netbox.dev/en/stable/features/sites-and-racks/#regions):\n\n\u003e Sites can be arranged geographically using regions. A region might represent a continent, country, city, campus, or other area depending on your use case. Regions can be nested recursively to construct a hierarchy. For example, you might define several country regions, and within each of those several state or city regions to which sites are assigned.\n\u003e\n\u003e Each region must have a name that is unique within its parent region, if any.","description_kind":"markdown"}},"netbox_rir":{"version":0,"block":{"attributes":{"description":{"type":"string","description_kind":"plain","optional":true},"id":{"type":"string","description_kind":"plain","optional":true,"computed":true},"name":{"type":"string","description_kind":"plain","required":true},"slug":{"type":"string","description_kind":"plain","optional":true,"computed":true}},"description":":meta:subcategory:IP Address Management (IPAM):From the [official documentation](https://docs.netbox.dev/en/stable/features/ipam/#regional-internet-registries-rirs):\n\n\u003e Regional Internet registries are responsible for the allocation of globally-routable address space. The five RIRs are ARIN, RIPE, APNIC, LACNIC, and AFRINIC. However, some address space has been set aside for internal use, such as defined in RFCs 1918 and 6598. NetBox considers these RFCs as a sort of RIR as well; that is, an authority which \"owns\" certain address space. There also exist lower-tier registries which serve particular geographic areas.","description_kind":"markdown"}},"netbox_route_target":{"version":0,"block":{"attributes":{"description":{"type":"string","description_kind":"plain","optional":true},"id":{"type":"string","description_kind":"plain","optional":true,"computed":true},"name":{"type":"string","description_kind":"plain","required":true},"tags":{"type":["set","string"],"description_kind":"plain","optional":true},"tenant_id":{"type":"number","description_kind":"plain","optional":true}},"description":":meta:subcategory:IP Address Management (IPAM):From the [official documentation](https://docs.netbox.dev/en/stable/models/ipam/routetarget/):\n\n\u003e A route target is a particular type of extended BGP community used to control the redistribution of routes among VRF tables in a network. Route targets can be assigned to individual VRFs in NetBox as import or export targets (or both) to model this exchange in an L3VPN. Each route target must be given a unique name, which should be in a format prescribed by RFC 4364, similar to a VR route distinguisher.","description_kind":"markdown"}},"netbox_service":{"version":0,"block":{"attributes":{"custom_fields":{"type":["map","string"],"description_kind":"plain","optional":true},"id":{"type":"string","description_kind":"plain","optional":true,"computed":true},"name":{"type":"string","description_kind":"plain","required":true},"port":{"type":"number","description":"Exactly one of `port` or `ports` must be given.","description_kind":"markdown","deprecated":true,"optional":true},"ports":{"type":["set","number"],"description":"Exactly one of `port` or `ports` must be given.","description_kind":"markdown","optional":true},"protocol":{"type":"string","description":"Valid values are `tcp`, `udp` and `sctp`.","description_kind":"markdown","required":true},"virtual_machine_id":{"type":"number","description_kind":"plain","required":true}},"description":":meta:subcategory:IP Address Management (IPAM):From the [official documentation](https://docs.netbox.dev/en/stable/features/services/#services):\n\n\u003e A service represents a layer four TCP or UDP service available on a device or virtual machine. For example, you might want to document that an HTTP service is running on a device. Each service includes a name, protocol, and port number; for example, \"SSH (TCP/22)\" or \"DNS (UDP/53).\"\n\u003e\n\u003e A service may optionally be bound to one or more specific IP addresses belonging to its parent device or VM. (If no IP addresses are bound, the service is assumed to be reachable via any assigned IP address.","description_kind":"markdown"}},"netbox_site":{"version":0,"block":{"attributes":{"asn_ids":{"type":["set","number"],"description_kind":"plain","optional":true},"custom_fields":{"type":["map","string"],"description_kind":"plain","optional":true},"description":{"type":"string","description_kind":"plain","optional":true},"facility":{"type":"string","description_kind":"plain","optional":true},"group_id":{"type":"number","description_kind":"plain","optional":true},"id":{"type":"string","description_kind":"plain","optional":true,"computed":true},"latitude":{"type":"number","description_kind":"plain","optional":true},"longitude":{"type":"number","description_kind":"plain","optional":true},"name":{"type":"string","description_kind":"plain","required":true},"physical_address":{"type":"string","description_kind":"plain","optional":true},"region_id":{"type":"number","description_kind":"plain","optional":true},"shipping_address":{"type":"string","description_kind":"plain","optional":true},"slug":{"type":"string","description_kind":"plain","optional":true,"computed":true},"status":{"type":"string","description":"Valid values are `planned`, `staging`, `active`, `decommissioning` and `retired`. Defaults to `active`.","description_kind":"markdown","optional":true},"tags":{"type":["set","string"],"description_kind":"plain","optional":true},"tenant_id":{"type":"number","description_kind":"plain","optional":true},"timezone":{"type":"string","description_kind":"plain","optional":true}},"description":":meta:subcategory:Data Center Inventory Management (DCIM):From the [official documentation](https://docs.netbox.dev/en/stable/features/sites-and-racks/#sites):\n\n\u003e How you choose to employ sites when modeling your network may vary depending on the nature of your organization, but generally a site will equate to a building or campus. For example, a chain of banks might create a site to represent each of its branches, a site for its corporate headquarters, and two additional sites for its presence in two colocation facilities.\n\u003e\n\u003e Each site must be assigned a unique name and may optionally be assigned to a region and/or tenant.","description_kind":"markdown"}},"netbox_site_group":{"version":0,"block":{"attributes":{"description":{"type":"string","description_kind":"plain","optional":true},"id":{"type":"string","description_kind":"plain","optional":true,"computed":true},"name":{"type":"string","description_kind":"plain","required":true},"parent_id":{"type":"number","description_kind":"plain","optional":true},"slug":{"type":"string","description_kind":"plain","optional":true,"computed":true}},"description":":meta:subcategory:Data Center Inventory Management (DCIM):From the [official documentation](https://docs.netbox.dev/en/stable/features/facilities/#site-groups):\n\n\u003e Like regions, site groups can be arranged in a recursive hierarchy for grouping sites. However, whereas regions are intended for geographic organization, site groups may be used for functional grouping. For example, you might classify sites as corporate, branch, or customer sites in addition to where they are physically located.\n\u003e\n\u003e The use of both regions and site groups affords to independent but complementary dimensions across which sites can be organized.","description_kind":"markdown"}},"netbox_tag":{"version":0,"block":{"attributes":{"color_hex":{"type":"string","description":"Defaults to `9e9e9e`.","description_kind":"markdown","optional":true},"description":{"type":"string","description_kind":"plain","optional":true},"id":{"type":"string","description_kind":"plain","optional":true,"computed":true},"name":{"type":"string","description_kind":"plain","required":true},"slug":{"type":"string","description_kind":"plain","optional":true,"computed":true},"tags":{"type":["set","string"],"description_kind":"plain","optional":true}},"description":":meta:subcategory:Extras:From the [official documentation](https://docs.netbox.dev/en/stable/models/extras/tag/):\n\u003e Tags are user-defined labels which can be applied to a variety of objects within NetBox. They can be used to establish dimensions of organization beyond the relationships built into NetBox. For example, you might create a tag to identify a particular ownership or condition across several types of objects.\n\u003e\n\u003e Each tag has a label, color, and a URL-friendly slug. For example, the slug for a tag named \"Dunder Mifflin, Inc.\" would be dunder-mifflin-inc. The slug is generated automatically and makes tags easier to work with as URL parameters. Each tag can also be assigned a description indicating its purpose.","description_kind":"markdown"}},"netbox_tenant":{"version":0,"block":{"attributes":{"description":{"type":"string","description_kind":"plain","optional":true},"group_id":{"type":"number","description_kind":"plain","optional":true},"id":{"type":"string","description_kind":"plain","optional":true,"computed":true},"name":{"type":"string","description_kind":"plain","required":true},"slug":{"type":"string","description_kind":"plain","optional":true,"computed":true},"tags":{"type":["set","string"],"description_kind":"plain","optional":true}},"description":":meta:subcategory:Tenancy:From the [official documentation](https://docs.netbox.dev/en/stable/features/tenancy/#tenants):\n\n\u003e A tenant represents a discrete grouping of resources used for administrative purposes. Typically, tenants are used to represent individual customers or internal departments within an organization.\n\u003e\n\u003e Tenant assignment is used to signify the ownership of an object in NetBox. As such, each object may only be owned by a single tenant. For example, if you have a firewall dedicated to a particular customer, you would assign it to the tenant which represents that customer. However, if the firewall serves multiple customers, it doesn't belong to any particular customer, so tenant assignment would not be appropriate.","description_kind":"markdown"}},"netbox_tenant_group":{"version":0,"block":{"attributes":{"description":{"type":"string","description_kind":"plain","optional":true},"id":{"type":"string","description_kind":"plain","optional":true,"computed":true},"name":{"type":"string","description_kind":"plain","required":true},"parent_id":{"type":"number","description_kind":"plain","optional":true},"slug":{"type":"string","description_kind":"plain","optional":true,"computed":true}},"description":":meta:subcategory:Tenancy:From the [official documentation](https://docs.netbox.dev/en/stable/features/tenancy/#tenant-groups):\n\n\u003e Tenants can be organized by custom groups. For instance, you might create one group called \"Customers\" and one called \"Departments.\" The assignment of a tenant to a group is optional.\n\u003e\n\u003e Tenant groups may be nested recursively to achieve a multi-level hierarchy. For example, you might have a group called \"Customers\" containing subgroups of individual tenants grouped by product or account team.","description_kind":"markdown"}},"netbox_token":{"version":0,"block":{"attributes":{"allowed_ips":{"type":["list","string"],"description_kind":"plain","optional":true},"description":{"type":"string","description_kind":"plain","optional":true},"expires":{"type":"string","description_kind":"plain","computed":true},"id":{"type":"string","description_kind":"plain","optional":true,"computed":true},"key":{"type":"string","description_kind":"plain","optional":true,"sensitive":true},"last_used":{"type":"string","description_kind":"plain","computed":true},"user_id":{"type":"number","description_kind":"plain","required":true},"write_enabled":{"type":"bool","description_kind":"plain","optional":true}},"description":":meta:subcategory:Authentication:From the [official documentation](https://docs.netbox.dev/en/stable/rest-api/authentication/#tokens):\n\n\u003e A token is a unique identifier mapped to a NetBox user account. Each user may have one or more tokens which he or she can use for authentication when making REST API requests. To create a token, navigate to the API tokens page under your user profile.","description_kind":"markdown"}},"netbox_user":{"version":0,"block":{"attributes":{"active":{"type":"bool","description":"Defaults to `true`.","description_kind":"markdown","optional":true},"id":{"type":"string","description_kind":"plain","optional":true,"computed":true},"password":{"type":"string","description_kind":"plain","required":true,"sensitive":true},"staff":{"type":"bool","description":"Defaults to `false`.","description_kind":"markdown","optional":true},"username":{"type":"string","description_kind":"plain","required":true}},"description":":meta:subcategory:Authentication:This resource is used to manage users.","description_kind":"markdown"}},"netbox_virtual_chassis":{"version":0,"block":{"attributes":{"comments":{"type":"string","description_kind":"plain","optional":true},"custom_fields":{"type":["map","string"],"description_kind":"plain","optional":true},"description":{"type":"string","description_kind":"plain","optional":true},"domain":{"type":"string","description_kind":"plain","optional":true},"id":{"type":"string","description_kind":"plain","optional":true,"computed":true},"name":{"type":"string","description_kind":"plain","required":true},"tags":{"type":["set","string"],"description_kind":"plain","optional":true}},"description":":meta:subcategory:Data Center Inventory Management (DCIM):From the [official documentation](https://docs.netbox.dev/en/stable/features/devices-cabling/#virtual-chassis):\n\n\t\t\u003e Sometimes it is necessary to model a set of physical devices as sharing a single management plane. Perhaps the most common example of such a scenario is stackable switches. These can be modeled as virtual chassis in NetBox, with one device acting as the chassis master and the rest as members. All components of member devices will appear on the master.","description_kind":"markdown"}},"netbox_virtual_disk":{"version":0,"block":{"attributes":{"custom_fields":{"type":["map","string"],"description_kind":"plain","optional":true},"description":{"type":"string","description_kind":"plain","optional":true},"id":{"type":"string","description_kind":"plain","optional":true,"computed":true},"name":{"type":"string","description_kind":"plain","required":true},"size_gb":{"type":"number","description_kind":"plain","required":true},"tags":{"type":["set","string"],"description_kind":"plain","optional":true},"virtual_machine_id":{"type":"number","description_kind":"plain","required":true}},"description":":meta:subcategory:Virtualization:From the [official documentation](https://docs.netbox.dev/en/stable/models/virtualization/virtualdisk/):\n\n\t\t\u003e A virtual disk is used to model discrete virtual hard disks assigned to virtual machines.","description_kind":"markdown"}},"netbox_virtual_machine":{"version":1,"block":{"attributes":{"cluster_id":{"type":"number","description":"At least one of `site_id` or `cluster_id` must be given.","description_kind":"markdown","optional":true},"comments":{"type":"string","description_kind":"plain","optional":true},"custom_fields":{"type":["map","string"],"description_kind":"plain","optional":true},"description":{"type":"string","description_kind":"plain","optional":true},"device_id":{"type":"number","description_kind":"plain","optional":true},"disk_size_gb":{"type":"number","description_kind":"plain","optional":true,"computed":true},"id":{"type":"string","description_kind":"plain","optional":true,"computed":true},"local_context_data":{"type":"string","description":"This is best managed through the use of `jsonencode` and a map of settings.","description_kind":"markdown","optional":true},"memory_mb":{"type":"number","description_kind":"plain","optional":true},"name":{"type":"string","description_kind":"plain","required":true},"platform_id":{"type":"number","description_kind":"plain","optional":true},"primary_ipv4":{"type":"number","description_kind":"plain","computed":true},"primary_ipv6":{"type":"number","description_kind":"plain","computed":true},"role_id":{"type":"number","description_kind":"plain","optional":true},"site_id":{"type":"number","description":"At least one of `site_id` or `cluster_id` must be given.","description_kind":"markdown","optional":true},"status":{"type":"string","description":"Valid values are `offline`, `active`, `planned`, `staged`, `failed` and `decommissioning`. Defaults to `active`.","description_kind":"markdown","optional":true},"tags":{"type":["set","string"],"description_kind":"plain","optional":true},"tenant_id":{"type":"number","description_kind":"plain","optional":true},"vcpus":{"type":"number","description_kind":"plain","optional":true}},"description":":meta:subcategory:Virtualization:From the [official documentation](https://docs.netbox.dev/en/stable/features/virtualization/#virtual-machines):\n\n\u003e A virtual machine is a virtualized compute instance. These behave in NetBox very similarly to device objects, but without any physical attributes. For example, a VM may have interfaces assigned to it with IP addresses and VLANs, however its interfaces cannot be connected via cables (because they are virtual). Each VM may also define its compute, memory, and storage resources as well.","description_kind":"markdown"}},"netbox_vlan":{"version":0,"block":{"attributes":{"description":{"type":"string","description":"Defaults to `\"\"`.","description_kind":"markdown","optional":true},"group_id":{"type":"number","description_kind":"plain","optional":true},"id":{"type":"string","description_kind":"plain","optional":true,"computed":true},"name":{"type":"string","description_kind":"plain","required":true},"role_id":{"type":"number","description_kind":"plain","optional":true},"site_id":{"type":"number","description_kind":"plain","optional":true},"status":{"type":"string","description":"Valid values are `active`, `reserved` and `deprecated`. Defaults to `active`.","description_kind":"markdown","optional":true},"tags":{"type":["set","string"],"description_kind":"plain","optional":true},"tenant_id":{"type":"number","description_kind":"plain","optional":true},"vid":{"type":"number","description_kind":"plain","required":true}},"description":":meta:subcategory:IP Address Management (IPAM):From the [official documentation](https://docs.netbox.dev/en/stable/features/vlans/#vlans):\n\n\u003e A VLAN represents an isolated layer two domain, identified by a name and a numeric ID (1-4094) as defined in IEEE 802.1Q. VLANs are arranged into VLAN groups to define scope and to enforce uniqueness.","description_kind":"markdown"}},"netbox_vlan_group":{"version":0,"block":{"attributes":{"description":{"type":"string","description":"Defaults to `\"\"`.","description_kind":"markdown","optional":true},"id":{"type":"string","description_kind":"plain","optional":true,"computed":true},"max_vid":{"type":"number","description_kind":"plain","required":true},"min_vid":{"type":"number","description_kind":"plain","required":true},"name":{"type":"string","description_kind":"plain","required":true},"scope_id":{"type":"number","description":"Required when `scope_type` is set.","description_kind":"markdown","optional":true},"scope_type":{"type":"string","description":"Valid values are `active`, `container`, `reserved` and `deprecated`.","description_kind":"markdown","optional":true},"slug":{"type":"string","description_kind":"plain","required":true},"tags":{"type":["set","string"],"description_kind":"plain","optional":true}},"description":":meta:subcategory:IP Address Management (IPAM):\n\n\u003e A VLAN Group represents a collection of VLANs. Generally, these are limited by one of a number of scopes such as \"Site\" or \"Virtualization Cluster\".","description_kind":"markdown"}},"netbox_vpn_tunnel":{"version":0,"block":{"attributes":{"description":{"type":"string","description_kind":"plain","optional":true},"encapsulation":{"type":"string","description":"Valid values are `ipsec-transport`, `ipsec-tunnel`, `ip-ip` and `gre`.","description_kind":"markdown","required":true},"id":{"type":"string","description_kind":"plain","optional":true,"computed":true},"name":{"type":"string","description_kind":"plain","required":true},"status":{"type":"string","description":"Valid values are `planned`, `active` and `disabled`.","description_kind":"markdown","required":true},"tags":{"type":["set","string"],"description_kind":"plain","optional":true},"tenant_id":{"type":"number","description_kind":"plain","optional":true},"tunnel_group_id":{"type":"number","description_kind":"plain","required":true},"tunnel_id":{"type":"number","description_kind":"plain","optional":true}},"description":":meta:subcategory:VPN Tunnels:From the [official documentation](https://docs.netbox.dev/en/stable/features/vpn-tunnels/):\n\n\u003e NetBox can model private tunnels formed among virtual termination points across your network. Typical tunnel implementations include GRE, IP-in-IP, and IPSec. A tunnel may be terminated to two or more device or virtual machine interfaces. For convenient organization, tunnels may be assigned to user-defined groups.","description_kind":"markdown"}},"netbox_vpn_tunnel_group":{"version":0,"block":{"attributes":{"description":{"type":"string","description_kind":"plain","optional":true},"id":{"type":"string","description_kind":"plain","optional":true,"computed":true},"name":{"type":"string","description_kind":"plain","required":true},"slug":{"type":"string","description_kind":"plain","optional":true,"computed":true}},"description":":meta:subcategory:VPN Tunnels:From the [official documentation](https://docs.netbox.dev/en/stable/features/vpn-tunnels/):\n\n\u003e NetBox can model private tunnels formed among virtual termination points across your network. Typical tunnel implementations include GRE, IP-in-IP, and IPSec. A tunnel may be terminated to two or more device or virtual machine interfaces. For convenient organization, tunnels may be assigned to user-defined groups.","description_kind":"markdown"}},"netbox_vpn_tunnel_termination":{"version":0,"block":{"attributes":{"device_interface_id":{"type":"number","description":"Exactly one of `virtual_machine_interface_id` or `device_interface_id` must be given.","description_kind":"markdown","optional":true},"id":{"type":"string","description_kind":"plain","optional":true,"computed":true},"outside_ip_address_id":{"type":"number","description_kind":"plain","optional":true},"role":{"type":"string","description":"Valid values are `peer`, `hub` and `spoke`.","description_kind":"markdown","required":true},"tags":{"type":["set","string"],"description_kind":"plain","optional":true},"tunnel_id":{"type":"number","description_kind":"plain","required":true},"virtual_machine_interface_id":{"type":"number","description":"Exactly one of `virtual_machine_interface_id` or `device_interface_id` must be given.","description_kind":"markdown","optional":true}},"description":":meta:subcategory:VPN Tunnels:From the [official documentation](https://docs.netbox.dev/en/stable/features/vpn-tunnels/):\n\n\u003e NetBox can model private tunnels formed among virtual termination points across your network. Typical tunnel implementations include GRE, IP-in-IP, and IPSec. A tunnel may be terminated to two or more device or virtual machine interfaces. For convenient organization, tunnels may be assigned to user-defined groups.","description_kind":"markdown"}},"netbox_vrf":{"version":0,"block":{"attributes":{"description":{"type":"string","description_kind":"plain","optional":true},"id":{"type":"string","description_kind":"plain","optional":true,"computed":true},"name":{"type":"string","description_kind":"plain","required":true},"tags":{"type":["set","string"],"description_kind":"plain","optional":true},"tenant_id":{"type":"number","description_kind":"plain","optional":true}},"description":":meta:subcategory:IP Address Management (IPAM):From the [official documentation](https://docs.netbox.dev/en/stable/features/ipam/#virtual-routing-and-forwarding-vrf):\n\n\u003e A VRF object in NetBox represents a virtual routing and forwarding (VRF) domain. Each VRF is essentially a separate routing table. VRFs are commonly used to isolate customers or organizations from one another within a network, or to route overlapping address space (e.g. multiple instances of the 10.0.0.0/8 space). Each VRF may be assigned to a specific tenant to aid in organizing the available IP space by customer or internal user.","description_kind":"markdown"}},"netbox_webhook":{"version":0,"block":{"attributes":{"additional_headers":{"type":"string","description_kind":"plain","optional":true},"body_template":{"type":"string","description_kind":"plain","optional":true},"http_content_type":{"type":"string","description":"The complete list of official content types is available [here](https://www.iana.org/assignments/media-types/media-types.xhtml). Defaults to `application/json`.","description_kind":"markdown","optional":true},"http_method":{"type":"string","description":"Valid values are `GET`, `POST`, `PUT`, `PATCH` and `DELETE`. Defaults to `POST`.","description_kind":"markdown","optional":true},"id":{"type":"string","description_kind":"plain","optional":true,"computed":true},"name":{"type":"string","description_kind":"plain","required":true},"payload_url":{"type":"string","description_kind":"plain","required":true}},"description":":meta:subcategory:Extras:From the [official documentation](https://docs.netbox.dev/en/stable/integrations/webhooks/):\n\n\u003e A webhook is a mechanism for conveying to some external system a change that took place in NetBox. For example, you may want to notify a monitoring system whenever the status of a device is updated in NetBox. This can be done by creating a webhook for the device model in NetBox and identifying the webhook receiver. When NetBox detects a change to a device, an HTTP request containing the details of the change and who made it be sent to the specified receiver.","description_kind":"markdown"}}},"data_source_schemas":{"netbox_asn":{"version":0,"block":{"attributes":{"asn":{"type":"string","description":"At least one of `asn` or `tag` must be given.","description_kind":"markdown","optional":true},"description":{"type":"string","description_kind":"plain","computed":true},"id":{"type":"number","description_kind":"plain","computed":true},"tag":{"type":"string","description":"Tag to include in the data source filter (must match the tag's slug). At least one of `asn` or `tag` must be given.","description_kind":"markdown","optional":true},"tag__n":{"type":"string","description":"Tag to exclude from the data source filter (must match the tag's slug).\nRefer to [Netbox's documentation](https://demo.netbox.dev/static/docs/rest-api/filtering/#lookup-expressions)\nfor more information on available lookup expressions.","description_kind":"markdown","optional":true},"tags":{"type":["set","string"],"description_kind":"plain","computed":true}},"description":":meta:subcategory:IP Address Management (IPAM):","description_kind":"markdown"}},"netbox_asns":{"version":0,"block":{"attributes":{"asns":{"type":["list",["object",{"asn":"number","id":"number","rir_id":"number","tags":["set","string"]}]],"description_kind":"plain","computed":true},"id":{"type":"string","description_kind":"plain","optional":true,"computed":true},"limit":{"type":"number","description":"Defaults to `0`.","description_kind":"markdown","optional":true}},"block_types":{"filter":{"nesting_mode":"set","block":{"attributes":{"name":{"type":"string","description_kind":"plain","required":true},"value":{"type":"string","description_kind":"plain","required":true}},"description_kind":"plain"}}},"description":":meta:subcategory:IP Address Management (IPAM):","description_kind":"markdown"}},"netbox_available_prefix":{"version":0,"block":{"attributes":{"id":{"type":"string","description_kind":"plain","optional":true,"computed":true},"prefix_id":{"type":"number","description_kind":"plain","required":true},"prefixes_available":{"type":["list",["object",{"family":"number","prefix":"string","vrf_id":"number"}]],"description_kind":"plain","computed":true}},"description":":meta:subcategory:IP Address Management (IPAM):","description_kind":"markdown"}},"netbox_cluster":{"version":0,"block":{"attributes":{"cluster_group_id":{"type":"number","description_kind":"plain","optional":true,"computed":true},"cluster_id":{"type":"number","description_kind":"plain","computed":true},"cluster_type_id":{"type":"number","description_kind":"plain","computed":true},"comments":{"type":"string","description_kind":"plain","computed":true},"custom_fields":{"type":["map","string"],"description_kind":"plain","computed":true},"description":{"type":"string","description_kind":"plain","computed":true},"id":{"type":"string","description":"At least one of `name`, `site_id` or `id` must be given.","description_kind":"markdown","optional":true,"computed":true},"name":{"type":"string","description":"At least one of `name`, `site_id` or `id` must be given.","description_kind":"markdown","optional":true},"site_id":{"type":"number","description":"At least one of `name`, `site_id` or `id` must be given.","description_kind":"markdown","optional":true,"computed":true},"tags":{"type":["set","string"],"description_kind":"plain","computed":true}},"description":":meta:subcategory:Virtualization:","description_kind":"markdown"}},"netbox_cluster_group":{"version":0,"block":{"attributes":{"cluster_group_id":{"type":"number","description_kind":"plain","computed":true},"id":{"type":"string","description_kind":"plain","optional":true,"computed":true},"name":{"type":"string","description_kind":"plain","required":true}},"description":":meta:subcategory:Virtualization:","description_kind":"markdown"}},"netbox_cluster_type":{"version":0,"block":{"attributes":{"cluster_type_id":{"type":"number","description_kind":"plain","computed":true},"id":{"type":"string","description_kind":"plain","optional":true,"computed":true},"name":{"type":"string","description_kind":"plain","required":true}},"description":":meta:subcategory:Virtualization:","description_kind":"markdown"}},"netbox_contact":{"version":0,"block":{"attributes":{"description":{"type":"string","description_kind":"plain","optional":true},"group_id":{"type":"number","description_kind":"plain","computed":true},"id":{"type":"string","description_kind":"plain","optional":true,"computed":true},"name":{"type":"string","description":"At least one of `name` or `slug` must be given.","description_kind":"markdown","optional":true,"computed":true},"slug":{"type":"string","description":"At least one of `name` or `slug` must be given.","description_kind":"markdown","optional":true,"computed":true}},"description":":meta:subcategory:Tenancy:","description_kind":"markdown"}},"netbox_contact_group":{"version":0,"block":{"attributes":{"description":{"type":"string","description_kind":"plain","computed":true},"id":{"type":"string","description_kind":"plain","optional":true,"computed":true},"name":{"type":"string","description_kind":"plain","required":true},"parent_id":{"type":"number","description_kind":"plain","computed":true},"slug":{"type":"string","description_kind":"plain","computed":true}},"description":":meta:subcategory:Tenancy:","description_kind":"markdown"}},"netbox_contact_role":{"version":0,"block":{"attributes":{"id":{"type":"string","description_kind":"plain","optional":true,"computed":true},"name":{"type":"string","description":"At least one of `name` or `slug` must be given.","description_kind":"markdown","optional":true,"computed":true},"slug":{"type":"string","description":"At least one of `name` or `slug` must be given.","description_kind":"markdown","optional":true,"computed":true}},"description":":meta:subcategory:Tenancy:","description_kind":"markdown"}},"netbox_device_interfaces":{"version":0,"block":{"attributes":{"id":{"type":"string","description_kind":"plain","optional":true,"computed":true},"interfaces":{"type":["list",["object",{"description":"string","device_id":"number","enabled":"bool","id":"number","mac_address":"string","mode":["map","string"],"mtu":"number","name":"string","tag_ids":["list","number"],"tagged_vlans":["list",["object",{"id":"number","name":"string","vid":"number"}]],"untagged_vlan":["list",["object",{"id":"number","name":"string","vid":"number"}]]}]],"description_kind":"plain","computed":true},"name_regex":{"type":"string","description_kind":"plain","optional":true}},"block_types":{"filter":{"nesting_mode":"set","block":{"attributes":{"name":{"type":"string","description_kind":"plain","required":true},"value":{"type":"string","description_kind":"plain","required":true}},"description_kind":"plain"}}},"description":":meta:subcategory:Data Center Inventory Management (DCIM):","description_kind":"markdown"}},"netbox_device_role":{"version":0,"block":{"attributes":{"color_hex":{"type":"string","description_kind":"plain","computed":true},"id":{"type":"string","description_kind":"plain","optional":true,"computed":true},"name":{"type":"string","description_kind":"plain","required":true},"slug":{"type":"string","description_kind":"plain","computed":true},"tags":{"type":["set","string"],"description_kind":"plain","computed":true}},"description":":meta:subcategory:Data Center Inventory Management (DCIM):","description_kind":"markdown"}},"netbox_device_type":{"version":0,"block":{"attributes":{"id":{"type":"string","description_kind":"plain","optional":true,"computed":true},"is_full_depth":{"type":"bool","description_kind":"plain","computed":true},"manufacturer":{"type":"string","description_kind":"plain","optional":true},"manufacturer_id":{"type":"number","description_kind":"plain","computed":true},"model":{"type":"string","description_kind":"plain","optional":true},"part_number":{"type":"string","description_kind":"plain","optional":true},"slug":{"type":"string","description_kind":"plain","optional":true},"u_height":{"type":"number","description_kind":"plain","computed":true}},"description":":meta:subcategory:Data Center Inventory Management (DCIM):","description_kind":"markdown"}},"netbox_devices":{"version":0,"block":{"attributes":{"devices":{"type":["list",["object",{"asset_tag":"string","cluster_id":"number","comments":"string","custom_fields":["map","string"],"description":"string","device_id":"number","device_type_id":"number","location_id":"number","manufacturer_id":"number","model":"string","name":"string","platform_id":"number","primary_ipv4":"string","primary_ipv6":"string","rack_face":"string","rack_id":"number","rack_position":"number","role_id":"number","serial":"string","site_id":"number","status":"string","tags":["set","string"],"tenant_id":"number"}]],"description_kind":"plain","computed":true},"id":{"type":"string","description_kind":"plain","optional":true,"computed":true},"limit":{"type":"number","description_kind":"plain","optional":true},"name_regex":{"type":"string","description_kind":"plain","optional":true}},"block_types":{"filter":{"nesting_mode":"set","block":{"attributes":{"name":{"type":"string","description_kind":"plain","required":true},"value":{"type":"string","description_kind":"plain","required":true}},"description_kind":"plain"}}},"description":":meta:subcategory:Data Center Inventory Management (DCIM):","description_kind":"markdown"}},"netbox_interfaces":{"version":0,"block":{"attributes":{"id":{"type":"string","description_kind":"plain","optional":true,"computed":true},"interfaces":{"type":["list",["object",{"description":"string","enabled":"bool","id":"number","mac_address":"string","mode":["map","string"],"mtu":"number","name":"string","tag_ids":["list","number"],"tagged_vlans":["list",["object",{"id":"number","name":"string","vid":"number"}]],"untagged_vlan":["list",["object",{"id":"number","name":"string","vid":"number"}]],"vm_id":"number"}]],"description_kind":"plain","computed":true},"limit":{"type":"number","description":"The limit of objects to return from the API lookup. Defaults to `0`.","description_kind":"markdown","optional":true},"name_regex":{"type":"string","description_kind":"plain","optional":true}},"block_types":{"filter":{"nesting_mode":"set","block":{"attributes":{"name":{"type":"string","description_kind":"plain","required":true},"value":{"type":"string","description_kind":"plain","required":true}},"description_kind":"plain"}}},"description":":meta:subcategory:Virtualization:","description_kind":"markdown"}},"netbox_ip_addresses":{"version":0,"block":{"attributes":{"id":{"type":"string","description_kind":"plain","optional":true,"computed":true},"ip_addresses":{"type":["list",["object",{"address_family":"string","created":"string","custom_fields":["map","string"],"description":"string","dns_name":"string","id":"number","ip_address":"string","last_updated":"string","role":"string","status":"string","tags":["list",["object",{"display":"string","id":"number","name":"string","slug":"string"}]],"tenant":["list",["object",{"id":"number","name":"string","slug":"string"}]]}]],"description_kind":"plain","computed":true},"limit":{"type":"number","description":"Defaults to `1000`.","description_kind":"markdown","optional":true}},"block_types":{"filter":{"nesting_mode":"set","block":{"attributes":{"name":{"type":"string","description_kind":"plain","required":true},"value":{"type":"string","description_kind":"plain","required":true}},"description_kind":"plain"}}},"description":":meta:subcategory:IP Address Management (IPAM):","description_kind":"markdown"}},"netbox_ip_range":{"version":0,"block":{"attributes":{"contains":{"type":"string","description_kind":"plain","required":true},"id":{"type":"number","description_kind":"plain","computed":true}},"description":":meta:subcategory:IP Address Management (IPAM):","description_kind":"markdown"}},"netbox_ipam_role":{"version":0,"block":{"attributes":{"description":{"type":"string","description_kind":"plain","computed":true},"id":{"type":"string","description_kind":"plain","optional":true,"computed":true},"name":{"type":"string","description_kind":"plain","required":true},"slug":{"type":"string","description_kind":"plain","computed":true},"weight":{"type":"number","description_kind":"plain","computed":true}},"description":":meta:subcategory:IP Address Management (IPAM):","description_kind":"markdown"}},"netbox_location":{"version":0,"block":{"attributes":{"description":{"type":"string","description_kind":"plain","computed":true},"id":{"type":"string","description_kind":"plain","optional":true,"computed":true},"name":{"type":"string","description_kind":"plain","optional":true},"parent_id":{"type":"number","description_kind":"plain","optional":true,"computed":true},"site_id":{"type":"number","description_kind":"plain","optional":true,"computed":true},"slug":{"type":"string","description_kind":"plain","optional":true},"status":{"type":"string","description_kind":"plain","computed":true},"tenant_id":{"type":"number","description_kind":"plain","computed":true}},"description":":meta:subcategory:Data Center Inventory Management (DCIM):","description_kind":"markdown"}},"netbox_locations":{"version":0,"block":{"attributes":{"id":{"type":"string","description_kind":"plain","optional":true,"computed":true},"limit":{"type":"number","description":"The limit of objects to return from the API lookup. Defaults to `0`.","description_kind":"markdown","optional":true},"locations":{"type":["list",["object",{"description":"string","id":"string","name":"string","parent_id":"number","site_id":"number","slug":"string","status":"string","tenant_id":"number"}]],"description_kind":"plain","computed":true},"tags":{"type":["set","string"],"description":"A list of tags to filter on.","description_kind":"markdown","optional":true}},"block_types":{"filter":{"nesting_mode":"set","block":{"attributes":{"name":{"type":"string","description":"The name of the field to filter on. Supported fields are: .","description_kind":"markdown","required":true},"value":{"type":"string","description":"The value to pass to the specified filter.","description_kind":"markdown","required":true}},"description":"A list of filter to apply to the API query when requesting locations.","description_kind":"markdown"}}},"description":":meta:subcategory:Data Center Inventory Management (DCIM):","description_kind":"markdown"}},"netbox_platform":{"version":0,"block":{"attributes":{"id":{"type":"string","description_kind":"plain","optional":true,"computed":true},"name":{"type":"string","description_kind":"plain","required":true},"slug":{"type":"string","description_kind":"plain","computed":true}},"description":":meta:subcategory:Data Center Inventory Management (DCIM):","description_kind":"markdown"}},"netbox_prefix":{"version":0,"block":{"attributes":{"cidr":{"type":"string","description":"At least one of `description`, `family`, `prefix`, `vlan_vid`, `vrf_id`, `vlan_id`, `site_id`, `cidr` or `tag` must be given. Conflicts with `prefix`.","description_kind":"markdown","deprecated":true,"optional":true},"description":{"type":"string","description":"Description to include in the data source filter. At least one of `description`, `family`, `prefix`, `vlan_vid`, `vrf_id`, `vlan_id`, `site_id`, `cidr` or `tag` must be given.","description_kind":"markdown","optional":true,"computed":true},"family":{"type":"number","description":"The IP family of the prefix. One of 4 or 6. At least one of `description`, `family`, `prefix`, `vlan_vid`, `vrf_id`, `vlan_id`, `site_id`, `cidr` or `tag` must be given.","description_kind":"markdown","optional":true,"computed":true},"id":{"type":"number","description_kind":"plain","computed":true},"prefix":{"type":"string","description":"At least one of `description`, `family`, `prefix`, `vlan_vid`, `vrf_id`, `vlan_id`, `site_id`, `cidr` or `tag` must be given. Conflicts with `cidr`.","description_kind":"markdown","optional":true},"site_id":{"type":"number","description":"At least one of `description`, `family`, `prefix`, `vlan_vid`, `vrf_id`, `vlan_id`, `site_id`, `cidr` or `tag` must be given.","description_kind":"markdown","optional":true},"status":{"type":"string","description_kind":"plain","computed":true},"tag":{"type":"string","description":"Tag to include in the data source filter (must match the tag's slug). At least one of `description`, `family`, `prefix`, `vlan_vid`, `vrf_id`, `vlan_id`, `site_id`, `cidr` or `tag` must be given.","description_kind":"markdown","optional":true},"tag__n":{"type":"string","description":"Tag to exclude from the data source filter (must match the tag's slug).\nRefer to [Netbox's documentation](https://demo.netbox.dev/static/docs/rest-api/filtering/#lookup-expressions)\nfor more information on available lookup expressions.","description_kind":"markdown","optional":true},"tags":{"type":["set","string"],"description_kind":"plain","computed":true},"vlan_id":{"type":"number","description":"At least one of `description`, `family`, `prefix`, `vlan_vid`, `vrf_id`, `vlan_id`, `site_id`, `cidr` or `tag` must be given.","description_kind":"markdown","optional":true},"vlan_vid":{"type":"number","description":"At least one of `description`, `family`, `prefix`, `vlan_vid`, `vrf_id`, `vlan_id`, `site_id`, `cidr` or `tag` must be given.","description_kind":"markdown","optional":true},"vrf_id":{"type":"number","description":"At least one of `description`, `family`, `prefix`, `vlan_vid`, `vrf_id`, `vlan_id`, `site_id`, `cidr` or `tag` must be given.","description_kind":"markdown","optional":true}},"description":":meta:subcategory:IP Address Management (IPAM):","description_kind":"markdown"}},"netbox_prefixes":{"version":0,"block":{"attributes":{"id":{"type":"string","description_kind":"plain","optional":true,"computed":true},"limit":{"type":"number","description":"The limit of objects to return from the API lookup. Defaults to `0`.","description_kind":"markdown","optional":true},"prefixes":{"type":["list",["object",{"description":"string","id":"number","prefix":"string","status":"string","tags":["set","string"],"vlan_id":"number","vlan_vid":"number","vrf_id":"number"}]],"description_kind":"plain","computed":true}},"block_types":{"filter":{"nesting_mode":"set","block":{"attributes":{"name":{"type":"string","description":"The name of the field to filter on. Supported fields are: `prefix`, `vlan_vid`, `vrf_id`, `vlan_id`, `status`, `site_id`, \u0026 `tag`.","description_kind":"markdown","required":true},"value":{"type":"string","description":"The value to pass to the specified filter.","description_kind":"markdown","required":true}},"description":"A list of filters to apply to the API query when requesting prefixes.","description_kind":"markdown"}}},"description":":meta:subcategory:IP Address Management (IPAM):","description_kind":"markdown"}},"netbox_rack_role":{"version":0,"block":{"attributes":{"color_hex":{"type":"string","description_kind":"plain","computed":true},"description":{"type":"string","description_kind":"plain","computed":true},"id":{"type":"string","description_kind":"plain","optional":true,"computed":true},"name":{"type":"string","description_kind":"plain","required":true},"slug":{"type":"string","description_kind":"plain","computed":true},"tags":{"type":["set","string"],"description_kind":"plain","computed":true}},"description":":meta:subcategory:Data Center Inventory Management (DCIM):","description_kind":"markdown"}},"netbox_racks":{"version":0,"block":{"attributes":{"id":{"type":"string","description_kind":"plain","optional":true,"computed":true},"limit":{"type":"number","description":"Defaults to `0`.","description_kind":"markdown","optional":true},"racks":{"type":["list",["object",{"asset_tag":"string","comments":"string","custom_fields":["map","string"],"desc_units":"bool","description":"string","facility_id":"string","id":"number","location_id":"number","max_weight":"number","mounting_depth":"number","name":"string","outer_depth":"number","outer_unit":"string","outer_width":"number","role_id":"number","serial":"string","site_id":"number","status":"string","tags":["set","string"],"tenant_id":"number","type":"string","u_height":"number","weight":"number","weight_unit":"string","width":"number"}]],"description_kind":"plain","computed":true}},"block_types":{"filter":{"nesting_mode":"set","block":{"attributes":{"name":{"type":"string","description_kind":"plain","required":true},"value":{"type":"string","description_kind":"plain","required":true}},"description_kind":"plain"}}},"description":":meta:subcategory:Data Center Inventory Management (DCIM):","description_kind":"markdown"}},"netbox_region":{"version":0,"block":{"attributes":{"description":{"type":"string","description_kind":"plain","computed":true},"id":{"type":"number","description_kind":"plain","computed":true},"name":{"type":"string","description_kind":"plain","computed":true},"parent_region_id":{"type":"number","description_kind":"plain","computed":true},"slug":{"type":"string","description_kind":"plain","computed":true}},"block_types":{"filter":{"nesting_mode":"set","block":{"attributes":{"id":{"type":"number","description_kind":"plain","optional":true},"name":{"type":"string","description_kind":"plain","optional":true},"slug":{"type":"string","description_kind":"plain","optional":true}},"description_kind":"plain"}}},"description":":meta:subcategory:Data Center Inventory Management (DCIM):","description_kind":"markdown"}},"netbox_route_target":{"version":0,"block":{"attributes":{"description":{"type":"string","description_kind":"plain","computed":true},"id":{"type":"string","description_kind":"plain","optional":true,"computed":true},"name":{"type":"string","description_kind":"plain","required":true},"tags":{"type":["set","string"],"description_kind":"plain","optional":true},"tenant_id":{"type":"number","description_kind":"plain","computed":true}},"description":":meta:subcategory:IP Address Management (IPAM):","description_kind":"markdown"}},"netbox_site":{"version":0,"block":{"attributes":{"asn_ids":{"type":["set","number"],"description_kind":"plain","computed":true},"comments":{"type":"string","description_kind":"plain","computed":true},"description":{"type":"string","description_kind":"plain","computed":true},"facility":{"type":"string","description_kind":"plain","optional":true,"computed":true},"group_id":{"type":"number","description_kind":"plain","computed":true},"id":{"type":"string","description_kind":"plain","optional":true,"computed":true},"name":{"type":"string","description_kind":"plain","optional":true,"computed":true},"region_id":{"type":"number","description_kind":"plain","computed":true},"site_id":{"type":"number","description_kind":"plain","computed":true},"slug":{"type":"string","description_kind":"plain","optional":true,"computed":true},"status":{"type":"string","description_kind":"plain","computed":true},"tenant_id":{"type":"number","description_kind":"plain","computed":true},"time_zone":{"type":"string","description_kind":"plain","computed":true}},"description":":meta:subcategory:Data Center Inventory Management (DCIM):","description_kind":"markdown"}},"netbox_site_group":{"version":0,"block":{"attributes":{"description":{"type":"string","description_kind":"plain","computed":true},"id":{"type":"string","description_kind":"plain","optional":true,"computed":true},"name":{"type":"string","description":"At least one of `name` or `slug` must be given.","description_kind":"markdown","optional":true,"computed":true},"slug":{"type":"string","description":"At least one of `name` or `slug` must be given.","description_kind":"markdown","optional":true,"computed":true}},"description":":meta:subcategory:Data Center Inventory Management (DCIM):","description_kind":"markdown"}},"netbox_tag":{"version":0,"block":{"attributes":{"description":{"type":"string","description_kind":"plain","optional":true},"id":{"type":"string","description_kind":"plain","optional":true,"computed":true},"name":{"type":"string","description_kind":"plain","required":true},"slug":{"type":"string","description_kind":"plain","computed":true}},"description":":meta:subcategory:Extras:","description_kind":"markdown"}},"netbox_tags":{"version":0,"block":{"attributes":{"id":{"type":"string","description_kind":"plain","optional":true,"computed":true},"limit":{"type":"number","description":"Defaults to `0`.","description_kind":"markdown","optional":true},"tags":{"type":["list",["object",{"color":"string","description":"string","name":"string","slug":"string","tag_id":"number"}]],"description_kind":"plain","computed":true}},"block_types":{"filter":{"nesting_mode":"set","block":{"attributes":{"name":{"type":"string","description_kind":"plain","required":true},"value":{"type":"string","description_kind":"plain","required":true}},"description_kind":"plain"}}},"description":":meta:subcategory:Extras:","description_kind":"markdown"}},"netbox_tenant":{"version":0,"block":{"attributes":{"description":{"type":"string","description_kind":"plain","optional":true},"group_id":{"type":"number","description_kind":"plain","computed":true},"id":{"type":"string","description_kind":"plain","optional":true,"computed":true},"name":{"type":"string","description":"At least one of `name` or `slug` must be given.","description_kind":"markdown","optional":true,"computed":true},"slug":{"type":"string","description":"At least one of `name` or `slug` must be given.","description_kind":"markdown","optional":true,"computed":true}},"description":":meta:subcategory:Tenancy:","description_kind":"markdown"}},"netbox_tenant_group":{"version":0,"block":{"attributes":{"description":{"type":"string","description_kind":"plain","computed":true},"id":{"type":"string","description_kind":"plain","optional":true,"computed":true},"name":{"type":"string","description_kind":"plain","required":true},"parent_id":{"type":"number","description_kind":"plain","computed":true},"slug":{"type":"string","description_kind":"plain","computed":true}},"description":":meta:subcategory:Tenancy:","description_kind":"markdown"}},"netbox_tenants":{"version":0,"block":{"attributes":{"id":{"type":"string","description_kind":"plain","optional":true,"computed":true},"limit":{"type":"number","description":"Defaults to `1000`.","description_kind":"markdown","optional":true},"tenants":{"type":["list",["object",{"circuit_count":"number","cluster_count":"number","comments":"string","created":"string","custom_fields":["map","string"],"description":"string","device_count":"number","id":"number","ip_address_count":"number","last_updated":"string","name":"string","prefix_count":"number","rack_count":"number","site_count":"number","slug":"string","tenant_group":["list",["object",{"id":"number","name":"string","slug":"string","tenant_count":"number"}]],"vlan_count":"number","vm_count":"number","vrf_count":"number"}]],"description_kind":"plain","computed":true}},"block_types":{"filter":{"nesting_mode":"set","block":{"attributes":{"name":{"type":"string","description_kind":"plain","required":true},"value":{"type":"string","description_kind":"plain","required":true}},"description_kind":"plain"}}},"description":":meta:subcategory:Tenancy:","description_kind":"markdown"}},"netbox_virtual_machines":{"version":0,"block":{"attributes":{"id":{"type":"string","description_kind":"plain","optional":true,"computed":true},"limit":{"type":"number","description_kind":"plain","optional":true},"name_regex":{"type":"string","description_kind":"plain","optional":true},"vms":{"type":["list",["object",{"cluster_id":"number","comments":"string","config_context":"string","custom_fields":["map","string"],"description":"string","device_id":"number","device_name":"string","disk_size_gb":"number","local_context_data":"string","memory_mb":"number","name":"string","platform_id":"number","platform_slug":"string","primary_ip":"string","primary_ip4":"string","primary_ip6":"string","role_id":"number","site_id":"number","status":"string","tag_ids":["list","number"],"tenant_id":"number","vcpus":"number","vm_id":"number"}]],"description_kind":"plain","computed":true}},"block_types":{"filter":{"nesting_mode":"set","block":{"attributes":{"name":{"type":"string","description_kind":"plain","required":true},"value":{"type":"string","description_kind":"plain","required":true}},"description_kind":"plain"}}},"description":":meta:subcategory:Virtualization:","description_kind":"markdown"}},"netbox_vlan":{"version":0,"block":{"attributes":{"description":{"type":"string","description_kind":"plain","computed":true},"group_id":{"type":"number","description_kind":"plain","optional":true,"computed":true},"id":{"type":"string","description_kind":"plain","optional":true,"computed":true},"name":{"type":"string","description_kind":"plain","optional":true},"role":{"type":"number","description_kind":"plain","optional":true,"computed":true},"site":{"type":"number","description_kind":"plain","computed":true},"status":{"type":"string","description_kind":"plain","computed":true},"tenant":{"type":"number","description_kind":"plain","optional":true,"computed":true},"vid":{"type":"number","description_kind":"plain","optional":true}},"description":":meta:subcategory:IP Address Management (IPAM):","description_kind":"markdown"}},"netbox_vlan_group":{"version":0,"block":{"attributes":{"description":{"type":"string","description_kind":"plain","computed":true},"id":{"type":"string","description_kind":"plain","optional":true,"computed":true},"max_vid":{"type":"number","description_kind":"plain","computed":true},"min_vid":{"type":"number","description_kind":"plain","computed":true},"name":{"type":"string","description":"At least one of `name` or `slug` must be given.","description_kind":"markdown","optional":true,"computed":true},"scope_id":{"type":"number","description":"Required when `scope_type` is set.","description_kind":"markdown","optional":true},"scope_type":{"type":"string","description":"Valid values are `dcim.location`, `dcim.site`, `dcim.sitegroup`, `dcim.region`, `dcim.rack`, `virtualization.cluster` and `virtualization.clustergroup`.","description_kind":"markdown","optional":true},"slug":{"type":"string","description":"At least one of `name` or `slug` must be given.","description_kind":"markdown","optional":true,"computed":true},"vlan_count":{"type":"number","description_kind":"plain","computed":true}},"description":":meta:subcategory:IP Address Management (IPAM):","description_kind":"markdown"}},"netbox_vlans":{"version":0,"block":{"attributes":{"id":{"type":"string","description_kind":"plain","optional":true,"computed":true},"limit":{"type":"number","description":"Defaults to `0`.","description_kind":"markdown","optional":true},"vlans":{"type":["list",["object",{"description":"string","group_id":"number","name":"string","role":"number","site":"number","status":"string","tenant":"number","vid":"number"}]],"description_kind":"plain","computed":true}},"block_types":{"filter":{"nesting_mode":"set","block":{"attributes":{"name":{"type":"string","description_kind":"plain","required":true},"value":{"type":"string","description_kind":"plain","required":true}},"description_kind":"plain"}}},"description":":meta:subcategory:IP Address Management (IPAM):","description_kind":"markdown"}},"netbox_vrf":{"version":0,"block":{"attributes":{"id":{"type":"string","description_kind":"plain","optional":true,"computed":true},"name":{"type":"string","description_kind":"plain","required":true},"tenant_id":{"type":"number","description_kind":"plain","optional":true}},"description":":meta:subcategory:IP Address Management (IPAM):","description_kind":"markdown"}},"netbox_vrfs":{"version":0,"block":{"attributes":{"id":{"type":"string","description_kind":"plain","optional":true,"computed":true},"limit":{"type":"number","description":"Defaults to `0`.","description_kind":"markdown","optional":true},"vrfs":{"type":["list",["object",{"description":"string","id":"number","name":"string","rd":"string","tenant":"number"}]],"description_kind":"plain","computed":true}},"block_types":{"filter":{"nesting_mode":"set","block":{"attributes":{"name":{"type":"string","description_kind":"plain","required":true},"value":{"type":"string","description_kind":"plain","required":true}},"description_kind":"plain"}}},"description":":meta:subcategory:IP Address Management (IPAM):","description_kind":"markdown"}}}}}}
